// !$*UTF8*$!
{
	archiveVersion = 1;
	classes = {
	};
	objectVersion = 77;
	objects = {

/* Begin PBXContainerItemProxy section */
		14E708492F78BE0D005C806C /* PBXContainerItemProxy */ = {
			isa = PBXContainerItemProxy;
			containerPortal = 14E7082E2F78BE0C005C806C /* Project object */;
			proxyType = 1;
			remoteGlobalIDString = 14E708352F78BE0C005C806C;
			remoteInfo = blueBird;
		};
		14E708532F78BE0D005C806C /* PBXContainerItemProxy */ = {
			isa = PBXContainerItemProxy;
			containerPortal = 14E7082E2F78BE0C005C806C /* Project object */;
			proxyType = 1;
			remoteGlobalIDString = 14E708352F78BE0C005C806C;
			remoteInfo = blueBird;
		};
/* End PBXContainerItemProxy section */

/* Begin PBXFileReference section */
		14E708362F78BE0C005C806C /* bBpiano.app */ = {isa = PBXFileReference; explicitFileType = wrapper.application; includeInIndex = 0; path = bBpiano.app; sourceTree = BUILT_PRODUCTS_DIR; };
		14E708482F78BE0D005C806C /* bBpianoTests.xctest */ = {isa = PBXFileReference; explicitFileType = wrapper.cfbundle; includeInIndex = 0; path = bBpianoTests.xctest; sourceTree = BUILT_PRODUCTS_DIR; };
		14E708522F78BE0D005C806C /* bBpianoUITests.xctest */ = {isa = PBXFileReference; explicitFileType = wrapper.cfbundle; includeInIndex = 0; path = bBpianoUITests.xctest; sourceTree = BUILT_PRODUCTS_DIR; };
/* End PBXFileReference section */

/* Begin PBXFileSystemSynchronizedBuildFileExceptionSet section */
		14E708702F78DF5D005C806C /* Exceptions for "Test" folder in "bBpianoTests" target */ = {
			isa = PBXFileSystemSynchronizedBuildFileExceptionSet;
			membershipExceptions = (
				blueBirdTests/blueBirdTests.swift,
			);
			target = 14E708472F78BE0D005C806C /* bBpianoTests */;
		};
		14E708712F78DF5D005C806C /* Exceptions for "Test" folder in "bBpianoUITests" target */ = {
			isa = PBXFileSystemSynchronizedBuildFileExceptionSet;
			membershipExceptions = (
				blueBirdTests/blueBirdTests.swift,
			);
			target = 14E708512F78BE0D005C806C /* bBpianoUITests */;
		};
		14E709352F7D4431005C806C /* Exceptions for "Doc" folder in "bBpiano" target */ = {
			isa = PBXFileSystemSynchronizedBuildFileExceptionSet;
			membershipExceptions = (
				Pedal_.txt,
				Pedal.txt,
			);
			target = 14E708352F78BE0C005C806C /* bBpiano */;
		};
/* End PBXFileSystemSynchronizedBuildFileExceptionSet section */

/* Begin PBXFileSystemSynchronizedGroupBuildPhaseMembershipExceptionSet section */
		14E709362F7D4431005C806C /* Exceptions for "Doc" folder in "Compile Sources" phase from "bBpiano" target */ = {
			isa = PBXFileSystemSynchronizedGroupBuildPhaseMembershipExceptionSet;
			buildPhase = 14E708322F78BE0C005C806C /* Sources */;
			membershipExceptions = (
				Pedal_.txt,
				Pedal.txt,
			);
		};
/* End PBXFileSystemSynchronizedGroupBuildPhaseMembershipExceptionSet section */

/* Begin PBXFileSystemSynchronizedRootGroup section */
		14E708382F78BE0C005C806C /* blueBird */ = {
			isa = PBXFileSystemSynchronizedRootGroup;
			path = blueBird;
			sourceTree = "<group>";
		};
		14E708672F78DF4B005C806C /* Test */ = {
			isa = PBXFileSystemSynchronizedRootGroup;
			exceptions = (
				14E708702F78DF5D005C806C /* Exceptions for "Test" folder in "bBpianoTests" target */,
				14E708712F78DF5D005C806C /* Exceptions for "Test" folder in "bBpianoUITests" target */,
			);
			path = Test;
			sourceTree = "<group>";
		};
		14E7092E2F7D43C4005C806C /* Doc */ = {
			isa = PBXFileSystemSynchronizedRootGroup;
			exceptions = (
				14E709352F7D4431005C806C /* Exceptions for "Doc" folder in "bBpiano" target */,
				14E709362F7D4431005C806C /* Exceptions for "Doc" folder in "Compile Sources" phase from "bBpiano" target */,
			);
			path = Doc;
			sourceTree = "<group>";
		};
/* End PBXFileSystemSynchronizedRootGroup section */

/* Begin PBXFrameworksBuildPhase section */
		14E708332F78BE0C005C806C /* Frameworks */ = {
			isa = PBXFrameworksBuildPhase;
			buildActionMask = 2147483647;
			files = (
			);
			runOnlyForDeploymentPostprocessing = 0;
		};
		14E708452F78BE0D005C806C /* Frameworks */ = {
			isa = PBXFrameworksBuildPhase;
			buildActionMask = 2147483647;
			files = (
			);
			runOnlyForDeploymentPostprocessing = 0;
		};
		14E7084F2F78BE0D005C806C /* Frameworks */ = {
			isa = PBXFrameworksBuildPhase;
			buildActionMask = 2147483647;
			files = (
			);
			runOnlyForDeploymentPostprocessing = 0;
		};
/* End PBXFrameworksBuildPhase section */

/* Begin PBXGroup section */
		14E7082D2F78BE0C005C806C = {
			isa = PBXGroup;
			children = (
				14E7092E2F7D43C4005C806C /* Doc */,
				14E708382F78BE0C005C806C /* blueBird */,
				14E708372F78BE0C005C806C /* Products */,
				14E708672F78DF4B005C806C /* Test */,
			);
			sourceTree = "<group>";
		};
		14E708372F78BE0C005C806C /* Products */ = {
			isa = PBXGroup;
			children = (
				14E708362F78BE0C005C806C /* bBpiano.app */,
				14E708482F78BE0D005C806C /* bBpianoTests.xctest */,
				14E708522F78BE0D005C806C /* bBpianoUITests.xctest */,
			);
			name = Products;
			sourceTree = "<group>";
		};
/* End PBXGroup section */

/* Begin PBXNativeTarget section */
		14E708352F78BE0C005C806C /* bBpiano */ = {
			isa = PBXNativeTarget;
			buildConfigurationList = 14E7085C2F78BE0D005C806C /* Build configuration list for PBXNativeTarget "bBpiano" */;
			buildPhases = (
				14E708322F78BE0C005C806C /* Sources */,
				14E708332F78BE0C005C806C /* Frameworks */,
				14E708342F78BE0C005C806C /* Resources */,
			);
			buildRules = (
			);
			dependencies = (
			);
			fileSystemSynchronizedGroups = (
				14E708382F78BE0C005C806C /* blueBird */,
				14E7092E2F7D43C4005C806C /* Doc */,
			);
			name = bBpiano;
			packageProductDependencies = (
			);
			productName = blueBird;
			productReference = 14E708362F78BE0C005C806C /* bBpiano.app */;
			productType = "com.apple.product-type.application";
		};
		14E708472F78BE0D005C806C /* bBpianoTests */ = {
			isa = PBXNativeTarget;
			buildConfigurationList = 14E7085F2F78BE0D005C806C /* Build configuration list for PBXNativeTarget "bBpianoTests" */;
			buildPhases = (
				14E708442F78BE0D005C806C /* Sources */,
				14E708452F78BE0D005C806C /* Frameworks */,
				14E708462F78BE0D005C806C /* Resources */,
			);
			buildRules = (
			);
			dependencies = (
				14E7084A2F78BE0D005C806C /* PBXTargetDependency */,
			);
			name = bBpianoTests;
			packageProductDependencies = (
			);
			productName = blueBirdTests;
			productReference = 14E708482F78BE0D005C806C /* bBpianoTests.xctest */;
			productType = "com.apple.product-type.bundle.unit-test";
		};
		14E708512F78BE0D005C806C /* bBpianoUITests */ = {
			isa = PBXNativeTarget;
			buildConfigurationList = 14E708622F78BE0D005C806C /* Build configuration list for PBXNativeTarget "bBpianoUITests" */;
			buildPhases = (
				14E7084E2F78BE0D005C806C /* Sources */,
				14E7084F2F78BE0D005C806C /* Frameworks */,
				14E708502F78BE0D005C806C /* Resources */,
			);
			buildRules = (
			);
			dependencies = (
				14E708542F78BE0D005C806C /* PBXTargetDependency */,
			);
			fileSystemSynchronizedGroups = (
				14E708672F78DF4B005C806C /* Test */,
			);
			name = bBpianoUITests;
			packageProductDependencies = (
			);
			productName = blueBirdUITests;
			productReference = 14E708522F78BE0D005C806C /* bBpianoUITests.xctest */;
			productType = "com.apple.product-type.bundle.ui-testing";
		};
/* End PBXNativeTarget section */

/* Begin PBXProject section */
		14E7082E2F78BE0C005C806C /* Project object */ = {
			isa = PBXProject;
			attributes = {
				BuildIndependentTargetsInParallel = 1;
				LastSwiftUpdateCheck = 2620;
				LastUpgradeCheck = 2620;
				TargetAttributes = {
					14E708352F78BE0C005C806C = {
						CreatedOnToolsVersion = 26.2;
					};
					14E708472F78BE0D005C806C = {
						CreatedOnToolsVersion = 26.2;
						TestTargetID = 14E708352F78BE0C005C806C;
					};
					14E708512F78BE0D005C806C = {
						CreatedOnToolsVersion = 26.2;
						TestTargetID = 14E708352F78BE0C005C806C;
					};
				};
			};
			buildConfigurationList = 14E708312F78BE0C005C806C /* Build configuration list for PBXProject "bBpiano" */;
			developmentRegion = en;
			hasScannedForEncodings = 0;
			knownRegions = (
				en,
				Base,
			);
			mainGroup = 14E7082D2F78BE0C005C806C;
			minimizedProjectReferenceProxies = 1;
			preferredProjectObjectVersion = 77;
			productRefGroup = 14E708372F78BE0C005C806C /* Products */;
			projectDirPath = "";
			projectRoot = "";
			targets = (
				14E708352F78BE0C005C806C /* bBpiano */,
				14E708472F78BE0D005C806C /* bBpianoTests */,
				14E708512F78BE0D005C806C /* bBpianoUITests */,
			);
		};
/* End PBXProject section */

/* Begin PBXResourcesBuildPhase section */
		14E708342F78BE0C005C806C /* Resources */ = {
			isa = PBXResourcesBuildPhase;
			buildActionMask = 2147483647;
			files = (
			);
			runOnlyForDeploymentPostprocessing = 0;
		};
		14E708462F78BE0D005C806C /* Resources */ = {
			isa = PBXResourcesBuildPhase;
			buildActionMask = 2147483647;
			files = (
			);
			runOnlyForDeploymentPostprocessing = 0;
		};
		14E708502F78BE0D005C806C /* Resources */ = {
			isa = PBXResourcesBuildPhase;
			buildActionMask = 2147483647;
			files = (
			);
			runOnlyForDeploymentPostprocessing = 0;
		};
/* End PBXResourcesBuildPhase section */

/* Begin PBXSourcesBuildPhase section */
		14E708322F78BE0C005C806C /* Sources */ = {
			isa = PBXSourcesBuildPhase;
			buildActionMask = 2147483647;
			files = (
			);
			runOnlyForDeploymentPostprocessing = 0;
		};
		14E708442F78BE0D005C806C /* Sources */ = {
			isa = PBXSourcesBuildPhase;
			buildActionMask = 2147483647;
			files = (
			);
			runOnlyForDeploymentPostprocessing = 0;
		};
		14E7084E2F78BE0D005C806C /* Sources */ = {
			isa = PBXSourcesBuildPhase;
			buildActionMask = 2147483647;
			files = (
			);
			runOnlyForDeploymentPostprocessing = 0;
		};
/* End PBXSourcesBuildPhase section */

/* Begin PBXTargetDependency section */
		14E7084A2F78BE0D005C806C /* PBXTargetDependency */ = {
			isa = PBXTargetDependency;
			target = 14E708352F78BE0C005C806C /* bBpiano */;
			targetProxy = 14E708492F78BE0D005C806C /* PBXContainerItemProxy */;
		};
		14E708542F78BE0D005C806C /* PBXTargetDependency */ = {
			isa = PBXTargetDependency;
			target = 14E708352F78BE0C005C806C /* bBpiano */;
			targetProxy = 14E708532F78BE0D005C806C /* PBXContainerItemProxy */;
		};
/* End PBXTargetDependency section */

/* Begin XCBuildConfiguration section */
		14E7085A2F78BE0D005C806C /* Debug */ = {
			isa = XCBuildConfiguration;
			buildSettings = {
				ALWAYS_SEARCH_USER_PATHS = NO;
				ASSETCATALOG_COMPILER_GENERATE_SWIFT_ASSET_SYMBOL_EXTENSIONS = YES;
				CLANG_ANALYZER_NONNULL = YES;
				CLANG_ANALYZER_NUMBER_OBJECT_CONVERSION = YES_AGGRESSIVE;
				CLANG_CXX_LANGUAGE_STANDARD = "gnu++20";
				CLANG_ENABLE_MODULES = YES;
				CLANG_ENABLE_OBJC_ARC = YES;
				CLANG_ENABLE_OBJC_WEAK = YES;
				CLANG_WARN_BLOCK_CAPTURE_AUTORELEASING = YES;
				CLANG_WARN_BOOL_CONVERSION = YES;
				CLANG_WARN_COMMA = YES;
				CLANG_WARN_CONSTANT_CONVERSION = YES;
				CLANG_WARN_DEPRECATED_OBJC_IMPLEMENTATIONS = YES;
				CLANG_WARN_DIRECT_OBJC_ISA_USAGE = YES_ERROR;
				CLANG_WARN_DOCUMENTATION_COMMENTS = YES;
				CLANG_WARN_EMPTY_BODY = YES;
				CLANG_WARN_ENUM_CONVERSION = YES;
				CLANG_WARN_INFINITE_RECURSION = YES;
				CLANG_WARN_INT_CONVERSION = YES;
				CLANG_WARN_NON_LITERAL_NULL_CONVERSION = YES;
				CLANG_WARN_OBJC_IMPLICIT_RETAIN_SELF = YES;
				CLANG_WARN_OBJC_LITERAL_CONVERSION = YES;
				CLANG_WARN_OBJC_ROOT_CLASS = YES_ERROR;
				CLANG_WARN_QUOTED_INCLUDE_IN_FRAMEWORK_HEADER = YES;
				CLANG_WARN_RANGE_LOOP_ANALYSIS = YES;
				CLANG_WARN_STRICT_PROTOTYPES = YES;
				CLANG_WARN_SUSPICIOUS_MOVE = YES;
				CLANG_WARN_UNGUARDED_AVAILABILITY = YES_AGGRESSIVE;
				CLANG_WARN_UNREACHABLE_CODE = YES;
				CLANG_WARN__DUPLICATE_METHOD_MATCH = YES;
				COPY_PHASE_STRIP = NO;
				DEBUG_INFORMATION_FORMAT = dwarf;
				DEVELOPMENT_TEAM = L746W9JTR3;
				ENABLE_STRICT_OBJC_MSGSEND = YES;
				ENABLE_TESTABILITY = YES;
				ENABLE_USER_SCRIPT_SANDBOXING = YES;
				GCC_C_LANGUAGE_STANDARD = gnu17;
				GCC_DYNAMIC_NO_PIC = NO;
				GCC_NO_COMMON_BLOCKS = YES;
				GCC_OPTIMIZATION_LEVEL = 0;
				GCC_PREPROCESSOR_DEFINITIONS = (
					"DEBUG=1",
					"$(inherited)",
				);
				GCC_WARN_64_TO_32_BIT_CONVERSION = YES;
				GCC_WARN_ABOUT_RETURN_TYPE = YES_ERROR;
				GCC_WARN_UNDECLARED_SELECTOR = YES;
				GCC_WARN_UNINITIALIZED_AUTOS = YES_AGGRESSIVE;
				GCC_WARN_UNUSED_FUNCTION = YES;
				GCC_WARN_UNUSED_VARIABLE = YES;
				LOCALIZATION_PREFERS_STRING_CATALOGS = YES;
				MACOSX_DEPLOYMENT_TARGET = 15.7;
				MTL_ENABLE_DEBUG_INFO = INCLUDE_SOURCE;
				MTL_FAST_MATH = YES;
				ONLY_ACTIVE_ARCH = YES;
				SDKROOT = macosx;
				SWIFT_ACTIVE_COMPILATION_CONDITIONS = "DEBUG $(inherited)";
				SWIFT_OPTIMIZATION_LEVEL = "-Onone";
			};
			name = Debug;
		};
		14E7085B2F78BE0D005C806C /* Release */ = {
			isa = XCBuildConfiguration;
			buildSettings = {
				ALWAYS_SEARCH_USER_PATHS = NO;
				ASSETCATALOG_COMPILER_GENERATE_SWIFT_ASSET_SYMBOL_EXTENSIONS = YES;
				CLANG_ANALYZER_NONNULL = YES;
				CLANG_ANALYZER_NUMBER_OBJECT_CONVERSION = YES_AGGRESSIVE;
				CLANG_CXX_LANGUAGE_STANDARD = "gnu++20";
				CLANG_ENABLE_MODULES = YES;
				CLANG_ENABLE_OBJC_ARC = YES;
				CLANG_ENABLE_OBJC_WEAK = YES;
				CLANG_WARN_BLOCK_CAPTURE_AUTORELEASING = YES;
				CLANG_WARN_BOOL_CONVERSION = YES;
				CLANG_WARN_COMMA = YES;
				CLANG_WARN_CONSTANT_CONVERSION = YES;
				CLANG_WARN_DEPRECATED_OBJC_IMPLEMENTATIONS = YES;
				CLANG_WARN_DIRECT_OBJC_ISA_USAGE = YES_ERROR;
				CLANG_WARN_DOCUMENTATION_COMMENTS = YES;
				CLANG_WARN_EMPTY_BODY = YES;
				CLANG_WARN_ENUM_CONVERSION = YES;
				CLANG_WARN_INFINITE_RECURSION = YES;
				CLANG_WARN_INT_CONVERSION = YES;
				CLANG_WARN_NON_LITERAL_NULL_CONVERSION = YES;
				CLANG_WARN_OBJC_IMPLICIT_RETAIN_SELF = YES;
				CLANG_WARN_OBJC_LITERAL_CONVERSION = YES;
				CLANG_WARN_OBJC_ROOT_CLASS = YES_ERROR;
				CLANG_WARN_QUOTED_INCLUDE_IN_FRAMEWORK_HEADER = YES;
				CLANG_WARN_RANGE_LOOP_ANALYSIS = YES;
				CLANG_WARN_STRICT_PROTOTYPES = YES;
				CLANG_WARN_SUSPICIOUS_MOVE = YES;
				CLANG_WARN_UNGUARDED_AVAILABILITY = YES_AGGRESSIVE;
				CLANG_WARN_UNREACHABLE_CODE = YES;
				CLANG_WARN__DUPLICATE_METHOD_MATCH = YES;
				COPY_PHASE_STRIP = NO;
				DEBUG_INFORMATION_FORMAT = "dwarf-with-dsym";
				DEVELOPMENT_TEAM = L746W9JTR3;
				ENABLE_NS_ASSERTIONS = NO;
				ENABLE_STRICT_OBJC_MSGSEND = YES;
				ENABLE_USER_SCRIPT_SANDBOXING = YES;
				GCC_C_LANGUAGE_STANDARD = gnu17;
				GCC_NO_COMMON_BLOCKS = YES;
				GCC_WARN_64_TO_32_BIT_CONVERSION = YES;
				GCC_WARN_ABOUT_RETURN_TYPE = YES_ERROR;
				GCC_WARN_UNDECLARED_SELECTOR = YES;
				GCC_WARN_UNINITIALIZED_AUTOS = YES_AGGRESSIVE;
				GCC_WARN_UNUSED_FUNCTION = YES;
				GCC_WARN_UNUSED_VARIABLE = YES;
				LOCALIZATION_PREFERS_STRING_CATALOGS = YES;
				MACOSX_DEPLOYMENT_TARGET = 15.7;
				MTL_ENABLE_DEBUG_INFO = NO;
				MTL_FAST_MATH = YES;
				SDKROOT = macosx;
				SWIFT_COMPILATION_MODE = wholemodule;
			};
			name = Release;
		};
		14E7085D2F78BE0D005C806C /* Debug */ = {
			isa = XCBuildConfiguration;
			buildSettings = {
				ASSETCATALOG_COMPILER_APPICON_NAME = AppIcon;
				ASSETCATALOG_COMPILER_GLOBAL_ACCENT_COLOR_NAME = AccentColor;
				ASSETCATALOG_COMPILER_INCLUDE_ALL_APPICON_ASSETS = YES;
				CODE_SIGN_STYLE = Automatic;
				COMBINE_HIDPI_IMAGES = YES;
				CURRENT_PROJECT_VERSION = 1;
				DEVELOPMENT_TEAM = L746W9JTR3;
				ENABLE_APP_SANDBOX = YES;
				ENABLE_HARDENED_RUNTIME = YES;
				ENABLE_PREVIEWS = YES;
				ENABLE_USER_SELECTED_FILES = readonly;
				GENERATE_INFOPLIST_FILE = YES;
				INFOPLIST_KEY_CFBundleDisplayName = bBpiano;
				INFOPLIST_KEY_LSApplicationCategoryType = "public.app-category.lifestyle";
				INFOPLIST_KEY_NSHumanReadableCopyright = "";
				LD_RUNPATH_SEARCH_PATHS = (
					"$(inherited)",
					"@executable_path/../Frameworks",
				);
				MARKETING_VERSION = 1.0;
				PRODUCT_BUNDLE_IDENTIFIER = io.opusarc.blueBird;
				PRODUCT_NAME = "$(TARGET_NAME)";
				REGISTER_APP_GROUPS = YES;
				STRING_CATALOG_GENERATE_SYMBOLS = YES;
				SWIFT_APPROACHABLE_CONCURRENCY = YES;
				SWIFT_DEFAULT_ACTOR_ISOLATION = MainActor;
				SWIFT_EMIT_LOC_STRINGS = YES;
				SWIFT_UPCOMING_FEATURE_MEMBER_IMPORT_VISIBILITY = YES;
				SWIFT_VERSION = 5.0;
			};
			name = Debug;
		};
		14E7085E2F78BE0D005C806C /* Release */ = {
			isa = XCBuildConfiguration;
			buildSettings = {
				ASSETCATALOG_COMPILER_APPICON_NAME = AppIcon;
				ASSETCATALOG_COMPILER_GLOBAL_ACCENT_COLOR_NAME = AccentColor;
				ASSETCATALOG_COMPILER_INCLUDE_ALL_APPICON_ASSETS = YES;
				CODE_SIGN_STYLE = Automatic;
				COMBINE_HIDPI_IMAGES = YES;
				CURRENT_PROJECT_VERSION = 1;
				DEVELOPMENT_TEAM = L746W9JTR3;
				ENABLE_APP_SANDBOX = YES;
				ENABLE_HARDENED_RUNTIME = YES;
				ENABLE_PREVIEWS = YES;
				ENABLE_USER_SELECTED_FILES = readonly;
				GENERATE_INFOPLIST_FILE = YES;
				INFOPLIST_KEY_CFBundleDisplayName = bBpiano;
				INFOPLIST_KEY_LSApplicationCategoryType = "public.app-category.lifestyle";
				INFOPLIST_KEY_NSHumanReadableCopyright = "";
				LD_RUNPATH_SEARCH_PATHS = (
					"$(inherited)",
					"@executable_path/../Frameworks",
				);
				MARKETING_VERSION = 1.0;
				PRODUCT_BUNDLE_IDENTIFIER = io.opusarc.blueBird;
				PRODUCT_NAME = "$(TARGET_NAME)";
				REGISTER_APP_GROUPS = YES;
				STRING_CATALOG_GENERATE_SYMBOLS = YES;
				SWIFT_APPROACHABLE_CONCURRENCY = YES;
				SWIFT_DEFAULT_ACTOR_ISOLATION = MainActor;
				SWIFT_EMIT_LOC_STRINGS = YES;
				SWIFT_UPCOMING_FEATURE_MEMBER_IMPORT_VISIBILITY = YES;
				SWIFT_VERSION = 5.0;
			};
			name = Release;
		};
		14E708602F78BE0D005C806C /* Debug */ = {
			isa = XCBuildConfiguration;
			buildSettings = {
				BUNDLE_LOADER = "$(TEST_HOST)";
				CODE_SIGN_STYLE = Automatic;
				CURRENT_PROJECT_VERSION = 1;
				DEVELOPMENT_TEAM = L746W9JTR3;
				GENERATE_INFOPLIST_FILE = YES;
				MACOSX_DEPLOYMENT_TARGET = 15.7;
				MARKETING_VERSION = 1.0;
				PRODUCT_BUNDLE_IDENTIFIER = io.opusarc.blueBirdTests;
				PRODUCT_NAME = "$(TARGET_NAME)";
				STRING_CATALOG_GENERATE_SYMBOLS = NO;
				SWIFT_APPROACHABLE_CONCURRENCY = YES;
				SWIFT_EMIT_LOC_STRINGS = NO;
				SWIFT_UPCOMING_FEATURE_MEMBER_IMPORT_VISIBILITY = YES;
				SWIFT_VERSION = 5.0;
				TEST_HOST = "$(BUILT_PRODUCTS_DIR)/bBpiano.app/$(BUNDLE_EXECUTABLE_FOLDER_PATH)/bBpiano";
			};
			name = Debug;
		};
		14E708612F78BE0D005C806C /* Release */ = {
			isa = XCBuildConfiguration;
			buildSettings = {
				BUNDLE_LOADER = "$(TEST_HOST)";
				CODE_SIGN_STYLE = Automatic;
				CURRENT_PROJECT_VERSION = 1;
				DEVELOPMENT_TEAM = L746W9JTR3;
				GENERATE_INFOPLIST_FILE = YES;
				MACOSX_DEPLOYMENT_TARGET = 15.7;
				MARKETING_VERSION = 1.0;
				PRODUCT_BUNDLE_IDENTIFIER = io.opusarc.blueBirdTests;
				PRODUCT_NAME = "$(TARGET_NAME)";
				STRING_CATALOG_GENERATE_SYMBOLS = NO;
				SWIFT_APPROACHABLE_CONCURRENCY = YES;
				SWIFT_EMIT_LOC_STRINGS = NO;
				SWIFT_UPCOMING_FEATURE_MEMBER_IMPORT_VISIBILITY = YES;
				SWIFT_VERSION = 5.0;
				TEST_HOST = "$(BUILT_PRODUCTS_DIR)/bBpiano.app/$(BUNDLE_EXECUTABLE_FOLDER_PATH)/bBpiano";
			};
			name = Release;
		};
		14E708632F78BE0D005C806C /* Debug */ = {
			isa = XCBuildConfiguration;
			buildSettings = {
				CODE_SIGN_STYLE = Automatic;
				CURRENT_PROJECT_VERSION = 1;
				DEVELOPMENT_TEAM = L746W9JTR3;
				GENERATE_INFOPLIST_FILE = YES;
				MARKETING_VERSION = 1.0;
				PRODUCT_BUNDLE_IDENTIFIER = io.opusarc.blueBirdUITests;
				PRODUCT_NAME = "$(TARGET_NAME)";
				STRING_CATALOG_GENERATE_SYMBOLS = NO;
				SWIFT_APPROACHABLE_CONCURRENCY = YES;
				SWIFT_EMIT_LOC_STRINGS = NO;
				SWIFT_UPCOMING_FEATURE_MEMBER_IMPORT_VISIBILITY = YES;
				SWIFT_VERSION = 5.0;
				TEST_TARGET_NAME = blueBird;
			};
			name = Debug;
		};
		14E708642F78BE0D005C806C /* Release */ = {
			isa = XCBuildConfiguration;
			buildSettings = {
				CODE_SIGN_STYLE = Automatic;
				CURRENT_PROJECT_VERSION = 1;
				DEVELOPMENT_TEAM = L746W9JTR3;
				GENERATE_INFOPLIST_FILE = YES;
				MARKETING_VERSION = 1.0;
				PRODUCT_BUNDLE_IDENTIFIER = io.opusarc.blueBirdUITests;
				PRODUCT_NAME = "$(TARGET_NAME)";
				STRING_CATALOG_GENERATE_SYMBOLS = NO;
				SWIFT_APPROACHABLE_CONCURRENCY = YES;
				SWIFT_EMIT_LOC_STRINGS = NO;
				SWIFT_UPCOMING_FEATURE_MEMBER_IMPORT_VISIBILITY = YES;
				SWIFT_VERSION = 5.0;
				TEST_TARGET_NAME = blueBird;
			};
			name = Release;
		};
/* End XCBuildConfiguration section */

/* Begin XCConfigurationList section */
		14E708312F78BE0C005C806C /* Build configuration list for PBXProject "bBpiano" */ = {
			isa = XCConfigurationList;
			buildConfigurations = (
				14E7085A2F78BE0D005C806C /* Debug */,
				14E7085B2F78BE0D005C806C /* Release */,
			);
			defaultConfigurationIsVisible = 0;
			defaultConfigurationName = Release;
		};
		14E7085C2F78BE0D005C806C /* Build configuration list for PBXNativeTarget "bBpiano" */ = {
			isa = XCConfigurationList;
			buildConfigurations = (
				14E7085D2F78BE0D005C806C /* Debug */,
				14E7085E2F78BE0D005C806C /* Release */,
			);
			defaultConfigurationIsVisible = 0;
			defaultConfigurationName = Release;
		};
		14E7085F2F78BE0D005C806C /* Build configuration list for PBXNativeTarget "bBpianoTests" */ = {
			isa = XCConfigurationList;
			buildConfigurations = (
				14E708602F78BE0D005C806C /* Debug */,
				14E708612F78BE0D005C806C /* Release */,
			);
			defaultConfigurationIsVisible = 0;
			defaultConfigurationName = Release;
		};
		14E708622F78BE0D005C806C /* Build configuration list for PBXNativeTarget "bBpianoUITests" */ = {
			isa = XCConfigurationList;
			buildConfigurations = (
				14E708632F78BE0D005C806C /* Debug */,
				14E708642F78BE0D005C806C /* Release */,
			);
			defaultConfigurationIsVisible = 0;
			defaultConfigurationName = Release;
		};
/* End XCConfigurationList section */
	};
	rootObject = 14E7082E2F78BE0C005C806C /* Project object */;
}
