// !$*UTF8*$!
{
	archiveVersion = 1;
	classes = {
	};
	objectVersion = 90;
	objects = {

/* Begin PBXCopyFilesBuildPhase section */
		141655472F80105700935D9E /* Embed Frameworks */ = {
			isa = PBXCopyFilesBuildPhase;
			dstPath = "";
			dstSubfolder = Frameworks;
			files = (
			);
			name = "Embed Frameworks";
		};
/* End PBXCopyFilesBuildPhase section */

/* Begin PBXFileReference section */
		146587D62FA42DAF009F5C08 /* README.md */ = {isa = PBXFileReference; lastKnownFileType = net.daringfireball.markdown; path = README.md; sourceTree = "<group>"; };
		14E708362F78BE0C005C806C /* bBpiano.app */ = {isa = PBXFileReference; explicitFileType = wrapper.application; includeInIndex = 0; path = bBpiano.app; sourceTree = BUILT_PRODUCTS_DIR; };
/* End PBXFileReference section */

/* Begin PBXFileSystemSynchronizedBuildFileExceptionSet section */
		1422913B2FB9F47A00EAAE7F /* Exceptions for "AcousticLab" folder in "bBpiano" target */ = {
			isa = PBXFileSystemSynchronizedBuildFileExceptionSet;
			membershipExceptions = (
				StringFilterLab/decay_results.csv,
				StringFilterLab/Generated/Example/decay_results.csv,
				StringFilterLab/Generated/Example/loss_filter_constants.csv,
				StringFilterLab/Generated/Example/LossResults_Example/Merged/A0.csv,
				StringFilterLab/Generated/Example/LossResults_Example/Merged/A1.csv,
				StringFilterLab/Generated/Example/LossResults_Example/Merged/A2.csv,
				StringFilterLab/Generated/Example/LossResults_Example/Merged/A3.csv,
				StringFilterLab/Generated/Example/LossResults_Example/Merged/A4.csv,
				StringFilterLab/Generated/Example/LossResults_Example/Merged/A5.csv,
				StringFilterLab/Generated/Example/LossResults_Example/Merged/A6.csv,
				StringFilterLab/Generated/Example/LossResults_Example/Merged/A7.csv,
				StringFilterLab/Generated/Example/LossResults_Example/Merged/As0.csv,
				StringFilterLab/Generated/Example/LossResults_Example/Merged/As1.csv,
				StringFilterLab/Generated/Example/LossResults_Example/Merged/As2.csv,
				StringFilterLab/Generated/Example/LossResults_Example/Merged/As3.csv,
				StringFilterLab/Generated/Example/LossResults_Example/Merged/As4.csv,
				StringFilterLab/Generated/Example/LossResults_Example/Merged/As5.csv,
				StringFilterLab/Generated/Example/LossResults_Example/Merged/As6.csv,
				StringFilterLab/Generated/Example/LossResults_Example/Merged/As7.csv,
				StringFilterLab/Generated/Example/LossResults_Example/Merged/B0.csv,
				StringFilterLab/Generated/Example/LossResults_Example/Merged/B1.csv,
				StringFilterLab/Generated/Example/LossResults_Example/Merged/B2.csv,
				StringFilterLab/Generated/Example/LossResults_Example/Merged/B3.csv,
				StringFilterLab/Generated/Example/LossResults_Example/Merged/B4.csv,
				StringFilterLab/Generated/Example/LossResults_Example/Merged/B5.csv,
				StringFilterLab/Generated/Example/LossResults_Example/Merged/B6.csv,
				StringFilterLab/Generated/Example/LossResults_Example/Merged/B7.csv,
				StringFilterLab/Generated/Example/LossResults_Example/Merged/C1.csv,
				StringFilterLab/Generated/Example/LossResults_Example/Merged/C2.csv,
				StringFilterLab/Generated/Example/LossResults_Example/Merged/C3.csv,
				StringFilterLab/Generated/Example/LossResults_Example/Merged/C4.csv,
				StringFilterLab/Generated/Example/LossResults_Example/Merged/C5.csv,
				StringFilterLab/Generated/Example/LossResults_Example/Merged/C6.csv,
				StringFilterLab/Generated/Example/LossResults_Example/Merged/C7.csv,
				StringFilterLab/Generated/Example/LossResults_Example/Merged/C8.csv,
				StringFilterLab/Generated/Example/LossResults_Example/Merged/Cs1.csv,
				StringFilterLab/Generated/Example/LossResults_Example/Merged/Cs2.csv,
				StringFilterLab/Generated/Example/LossResults_Example/Merged/Cs3.csv,
				StringFilterLab/Generated/Example/LossResults_Example/Merged/Cs4.csv,
				StringFilterLab/Generated/Example/LossResults_Example/Merged/Cs5.csv,
				StringFilterLab/Generated/Example/LossResults_Example/Merged/Cs6.csv,
				StringFilterLab/Generated/Example/LossResults_Example/Merged/Cs7.csv,
				StringFilterLab/Generated/Example/LossResults_Example/Merged/D1.csv,
				StringFilterLab/Generated/Example/LossResults_Example/Merged/D2.csv,
				StringFilterLab/Generated/Example/LossResults_Example/Merged/D3.csv,
				StringFilterLab/Generated/Example/LossResults_Example/Merged/D4.csv,
				StringFilterLab/Generated/Example/LossResults_Example/Merged/D5.csv,
				StringFilterLab/Generated/Example/LossResults_Example/Merged/D6.csv,
				StringFilterLab/Generated/Example/LossResults_Example/Merged/D7.csv,
				StringFilterLab/Generated/Example/LossResults_Example/Merged/Ds1.csv,
				StringFilterLab/Generated/Example/LossResults_Example/Merged/Ds2.csv,
				StringFilterLab/Generated/Example/LossResults_Example/Merged/Ds3.csv,
				StringFilterLab/Generated/Example/LossResults_Example/Merged/Ds4.csv,
				StringFilterLab/Generated/Example/LossResults_Example/Merged/Ds5.csv,
				StringFilterLab/Generated/Example/LossResults_Example/Merged/Ds6.csv,
				StringFilterLab/Generated/Example/LossResults_Example/Merged/Ds7.csv,
				StringFilterLab/Generated/Example/LossResults_Example/Merged/E1.csv,
				StringFilterLab/Generated/Example/LossResults_Example/Merged/E2.csv,
				StringFilterLab/Generated/Example/LossResults_Example/Merged/E3.csv,
				StringFilterLab/Generated/Example/LossResults_Example/Merged/E4.csv,
				StringFilterLab/Generated/Example/LossResults_Example/Merged/E5.csv,
				StringFilterLab/Generated/Example/LossResults_Example/Merged/E6.csv,
				StringFilterLab/Generated/Example/LossResults_Example/Merged/E7.csv,
				StringFilterLab/Generated/Example/LossResults_Example/Merged/F1.csv,
				StringFilterLab/Generated/Example/LossResults_Example/Merged/F2.csv,
				StringFilterLab/Generated/Example/LossResults_Example/Merged/F3.csv,
				StringFilterLab/Generated/Example/LossResults_Example/Merged/F4.csv,
				StringFilterLab/Generated/Example/LossResults_Example/Merged/F5.csv,
				StringFilterLab/Generated/Example/LossResults_Example/Merged/F6.csv,
				StringFilterLab/Generated/Example/LossResults_Example/Merged/F7.csv,
				StringFilterLab/Generated/Example/LossResults_Example/Merged/Fs1.csv,
				StringFilterLab/Generated/Example/LossResults_Example/Merged/Fs2.csv,
				StringFilterLab/Generated/Example/LossResults_Example/Merged/Fs3.csv,
				StringFilterLab/Generated/Example/LossResults_Example/Merged/Fs4.csv,
				StringFilterLab/Generated/Example/LossResults_Example/Merged/Fs5.csv,
				StringFilterLab/Generated/Example/LossResults_Example/Merged/Fs6.csv,
				StringFilterLab/Generated/Example/LossResults_Example/Merged/Fs7.csv,
				StringFilterLab/Generated/Example/LossResults_Example/Merged/G1.csv,
				StringFilterLab/Generated/Example/LossResults_Example/Merged/G2.csv,
				StringFilterLab/Generated/Example/LossResults_Example/Merged/G3.csv,
				StringFilterLab/Generated/Example/LossResults_Example/Merged/G4.csv,
				StringFilterLab/Generated/Example/LossResults_Example/Merged/G5.csv,
				StringFilterLab/Generated/Example/LossResults_Example/Merged/G6.csv,
				StringFilterLab/Generated/Example/LossResults_Example/Merged/G7.csv,
				StringFilterLab/Generated/Example/LossResults_Example/Merged/Gs1.csv,
				StringFilterLab/Generated/Example/LossResults_Example/Merged/Gs2.csv,
				StringFilterLab/Generated/Example/LossResults_Example/Merged/Gs3.csv,
				StringFilterLab/Generated/Example/LossResults_Example/Merged/Gs4.csv,
				StringFilterLab/Generated/Example/LossResults_Example/Merged/Gs5.csv,
				StringFilterLab/Generated/Example/LossResults_Example/Merged/Gs6.csv,
				StringFilterLab/Generated/Example/LossResults_Example/Merged/Gs7.csv,
				StringFilterLab/Generated/Example/LossResults_Example/v50/A0.csv,
				StringFilterLab/Generated/Example/LossResults_Example/v50/A1.csv,
				StringFilterLab/Generated/Example/LossResults_Example/v50/A2.csv,
				StringFilterLab/Generated/Example/LossResults_Example/v50/A3.csv,
				StringFilterLab/Generated/Example/LossResults_Example/v50/A4.csv,
				StringFilterLab/Generated/Example/LossResults_Example/v50/A5.csv,
				StringFilterLab/Generated/Example/LossResults_Example/v50/A6.csv,
				StringFilterLab/Generated/Example/LossResults_Example/v50/A7.csv,
				StringFilterLab/Generated/Example/LossResults_Example/v50/As0.csv,
				StringFilterLab/Generated/Example/LossResults_Example/v50/As1.csv,
				StringFilterLab/Generated/Example/LossResults_Example/v50/As2.csv,
				StringFilterLab/Generated/Example/LossResults_Example/v50/As3.csv,
				StringFilterLab/Generated/Example/LossResults_Example/v50/As4.csv,
				StringFilterLab/Generated/Example/LossResults_Example/v50/As5.csv,
				StringFilterLab/Generated/Example/LossResults_Example/v50/As6.csv,
				StringFilterLab/Generated/Example/LossResults_Example/v50/As7.csv,
				StringFilterLab/Generated/Example/LossResults_Example/v50/B0.csv,
				StringFilterLab/Generated/Example/LossResults_Example/v50/B1.csv,
				StringFilterLab/Generated/Example/LossResults_Example/v50/B2.csv,
				StringFilterLab/Generated/Example/LossResults_Example/v50/B3.csv,
				StringFilterLab/Generated/Example/LossResults_Example/v50/B4.csv,
				StringFilterLab/Generated/Example/LossResults_Example/v50/B5.csv,
				StringFilterLab/Generated/Example/LossResults_Example/v50/B6.csv,
				StringFilterLab/Generated/Example/LossResults_Example/v50/B7.csv,
				StringFilterLab/Generated/Example/LossResults_Example/v50/C1.csv,
				StringFilterLab/Generated/Example/LossResults_Example/v50/C2.csv,
				StringFilterLab/Generated/Example/LossResults_Example/v50/C3.csv,
				StringFilterLab/Generated/Example/LossResults_Example/v50/C4.csv,
				StringFilterLab/Generated/Example/LossResults_Example/v50/C5.csv,
				StringFilterLab/Generated/Example/LossResults_Example/v50/C6.csv,
				StringFilterLab/Generated/Example/LossResults_Example/v50/C7.csv,
				StringFilterLab/Generated/Example/LossResults_Example/v50/C8.csv,
				StringFilterLab/Generated/Example/LossResults_Example/v50/Cs1.csv,
				StringFilterLab/Generated/Example/LossResults_Example/v50/Cs2.csv,
				StringFilterLab/Generated/Example/LossResults_Example/v50/Cs3.csv,
				StringFilterLab/Generated/Example/LossResults_Example/v50/Cs4.csv,
				StringFilterLab/Generated/Example/LossResults_Example/v50/Cs5.csv,
				StringFilterLab/Generated/Example/LossResults_Example/v50/Cs6.csv,
				StringFilterLab/Generated/Example/LossResults_Example/v50/Cs7.csv,
				StringFilterLab/Generated/Example/LossResults_Example/v50/D1.csv,
				StringFilterLab/Generated/Example/LossResults_Example/v50/D2.csv,
				StringFilterLab/Generated/Example/LossResults_Example/v50/D3.csv,
				StringFilterLab/Generated/Example/LossResults_Example/v50/D4.csv,
				StringFilterLab/Generated/Example/LossResults_Example/v50/D5.csv,
				StringFilterLab/Generated/Example/LossResults_Example/v50/D6.csv,
				StringFilterLab/Generated/Example/LossResults_Example/v50/D7.csv,
				StringFilterLab/Generated/Example/LossResults_Example/v50/Ds1.csv,
				StringFilterLab/Generated/Example/LossResults_Example/v50/Ds2.csv,
				StringFilterLab/Generated/Example/LossResults_Example/v50/Ds3.csv,
				StringFilterLab/Generated/Example/LossResults_Example/v50/Ds4.csv,
				StringFilterLab/Generated/Example/LossResults_Example/v50/Ds5.csv,
				StringFilterLab/Generated/Example/LossResults_Example/v50/Ds6.csv,
				StringFilterLab/Generated/Example/LossResults_Example/v50/Ds7.csv,
				StringFilterLab/Generated/Example/LossResults_Example/v50/E1.csv,
				StringFilterLab/Generated/Example/LossResults_Example/v50/E2.csv,
				StringFilterLab/Generated/Example/LossResults_Example/v50/E3.csv,
				StringFilterLab/Generated/Example/LossResults_Example/v50/E4.csv,
				StringFilterLab/Generated/Example/LossResults_Example/v50/E5.csv,
				StringFilterLab/Generated/Example/LossResults_Example/v50/E6.csv,
				StringFilterLab/Generated/Example/LossResults_Example/v50/E7.csv,
				StringFilterLab/Generated/Example/LossResults_Example/v50/F1.csv,
				StringFilterLab/Generated/Example/LossResults_Example/v50/F2.csv,
				StringFilterLab/Generated/Example/LossResults_Example/v50/F3.csv,
				StringFilterLab/Generated/Example/LossResults_Example/v50/F4.csv,
				StringFilterLab/Generated/Example/LossResults_Example/v50/F5.csv,
				StringFilterLab/Generated/Example/LossResults_Example/v50/F6.csv,
				StringFilterLab/Generated/Example/LossResults_Example/v50/F7.csv,
				StringFilterLab/Generated/Example/LossResults_Example/v50/Fs1.csv,
				StringFilterLab/Generated/Example/LossResults_Example/v50/Fs2.csv,
				StringFilterLab/Generated/Example/LossResults_Example/v50/Fs3.csv,
				StringFilterLab/Generated/Example/LossResults_Example/v50/Fs4.csv,
				StringFilterLab/Generated/Example/LossResults_Example/v50/Fs5.csv,
				StringFilterLab/Generated/Example/LossResults_Example/v50/Fs6.csv,
				StringFilterLab/Generated/Example/LossResults_Example/v50/Fs7.csv,
				StringFilterLab/Generated/Example/LossResults_Example/v50/G1.csv,
				StringFilterLab/Generated/Example/LossResults_Example/v50/G2.csv,
				StringFilterLab/Generated/Example/LossResults_Example/v50/G3.csv,
				StringFilterLab/Generated/Example/LossResults_Example/v50/G4.csv,
				StringFilterLab/Generated/Example/LossResults_Example/v50/G5.csv,
				StringFilterLab/Generated/Example/LossResults_Example/v50/G6.csv,
				StringFilterLab/Generated/Example/LossResults_Example/v50/G7.csv,
				StringFilterLab/Generated/Example/LossResults_Example/v50/Gs1.csv,
				StringFilterLab/Generated/Example/LossResults_Example/v50/Gs2.csv,
				StringFilterLab/Generated/Example/LossResults_Example/v50/Gs3.csv,
				StringFilterLab/Generated/Example/LossResults_Example/v50/Gs4.csv,
				StringFilterLab/Generated/Example/LossResults_Example/v50/Gs5.csv,
				StringFilterLab/Generated/Example/LossResults_Example/v50/Gs6.csv,
				StringFilterLab/Generated/Example/LossResults_Example/v50/Gs7.csv,
				StringFilterLab/Generated/Example/LossResults_Example/v65/A0.csv,
				StringFilterLab/Generated/Example/LossResults_Example/v65/A1.csv,
				StringFilterLab/Generated/Example/LossResults_Example/v65/A2.csv,
				StringFilterLab/Generated/Example/LossResults_Example/v65/A3.csv,
				StringFilterLab/Generated/Example/LossResults_Example/v65/A4.csv,
				StringFilterLab/Generated/Example/LossResults_Example/v65/A5.csv,
				StringFilterLab/Generated/Example/LossResults_Example/v65/A6.csv,
				StringFilterLab/Generated/Example/LossResults_Example/v65/A7.csv,
				StringFilterLab/Generated/Example/LossResults_Example/v65/As0.csv,
				StringFilterLab/Generated/Example/LossResults_Example/v65/As1.csv,
				StringFilterLab/Generated/Example/LossResults_Example/v65/As2.csv,
				StringFilterLab/Generated/Example/LossResults_Example/v65/As3.csv,
				StringFilterLab/Generated/Example/LossResults_Example/v65/As4.csv,
				StringFilterLab/Generated/Example/LossResults_Example/v65/As5.csv,
				StringFilterLab/Generated/Example/LossResults_Example/v65/As6.csv,
				StringFilterLab/Generated/Example/LossResults_Example/v65/As7.csv,
				StringFilterLab/Generated/Example/LossResults_Example/v65/B0.csv,
				StringFilterLab/Generated/Example/LossResults_Example/v65/B1.csv,
				StringFilterLab/Generated/Example/LossResults_Example/v65/B2.csv,
				StringFilterLab/Generated/Example/LossResults_Example/v65/B3.csv,
				StringFilterLab/Generated/Example/LossResults_Example/v65/B4.csv,
				StringFilterLab/Generated/Example/LossResults_Example/v65/B5.csv,
				StringFilterLab/Generated/Example/LossResults_Example/v65/B6.csv,
				StringFilterLab/Generated/Example/LossResults_Example/v65/B7.csv,
				StringFilterLab/Generated/Example/LossResults_Example/v65/C1.csv,
				StringFilterLab/Generated/Example/LossResults_Example/v65/C2.csv,
				StringFilterLab/Generated/Example/LossResults_Example/v65/C3.csv,
				StringFilterLab/Generated/Example/LossResults_Example/v65/C4.csv,
				StringFilterLab/Generated/Example/LossResults_Example/v65/C5.csv,
				StringFilterLab/Generated/Example/LossResults_Example/v65/C6.csv,
				StringFilterLab/Generated/Example/LossResults_Example/v65/C7.csv,
				StringFilterLab/Generated/Example/LossResults_Example/v65/C8.csv,
				StringFilterLab/Generated/Example/LossResults_Example/v65/Cs1.csv,
				StringFilterLab/Generated/Example/LossResults_Example/v65/Cs2.csv,
				StringFilterLab/Generated/Example/LossResults_Example/v65/Cs3.csv,
				StringFilterLab/Generated/Example/LossResults_Example/v65/Cs4.csv,
				StringFilterLab/Generated/Example/LossResults_Example/v65/Cs5.csv,
				StringFilterLab/Generated/Example/LossResults_Example/v65/Cs6.csv,
				StringFilterLab/Generated/Example/LossResults_Example/v65/Cs7.csv,
				StringFilterLab/Generated/Example/LossResults_Example/v65/D1.csv,
				StringFilterLab/Generated/Example/LossResults_Example/v65/D2.csv,
				StringFilterLab/Generated/Example/LossResults_Example/v65/D3.csv,
				StringFilterLab/Generated/Example/LossResults_Example/v65/D4.csv,
				StringFilterLab/Generated/Example/LossResults_Example/v65/D5.csv,
				StringFilterLab/Generated/Example/LossResults_Example/v65/D6.csv,
				StringFilterLab/Generated/Example/LossResults_Example/v65/D7.csv,
				StringFilterLab/Generated/Example/LossResults_Example/v65/Ds1.csv,
				StringFilterLab/Generated/Example/LossResults_Example/v65/Ds2.csv,
				StringFilterLab/Generated/Example/LossResults_Example/v65/Ds3.csv,
				StringFilterLab/Generated/Example/LossResults_Example/v65/Ds4.csv,
				StringFilterLab/Generated/Example/LossResults_Example/v65/Ds5.csv,
				StringFilterLab/Generated/Example/LossResults_Example/v65/Ds6.csv,
				StringFilterLab/Generated/Example/LossResults_Example/v65/Ds7.csv,
				StringFilterLab/Generated/Example/LossResults_Example/v65/E1.csv,
				StringFilterLab/Generated/Example/LossResults_Example/v65/E2.csv,
				StringFilterLab/Generated/Example/LossResults_Example/v65/E3.csv,
				StringFilterLab/Generated/Example/LossResults_Example/v65/E4.csv,
				StringFilterLab/Generated/Example/LossResults_Example/v65/E5.csv,
				StringFilterLab/Generated/Example/LossResults_Example/v65/E6.csv,
				StringFilterLab/Generated/Example/LossResults_Example/v65/E7.csv,
				StringFilterLab/Generated/Example/LossResults_Example/v65/F1.csv,
				StringFilterLab/Generated/Example/LossResults_Example/v65/F2.csv,
				StringFilterLab/Generated/Example/LossResults_Example/v65/F3.csv,
				StringFilterLab/Generated/Example/LossResults_Example/v65/F4.csv,
				StringFilterLab/Generated/Example/LossResults_Example/v65/F5.csv,
				StringFilterLab/Generated/Example/LossResults_Example/v65/F6.csv,
				StringFilterLab/Generated/Example/LossResults_Example/v65/F7.csv,
				StringFilterLab/Generated/Example/LossResults_Example/v65/Fs1.csv,
				StringFilterLab/Generated/Example/LossResults_Example/v65/Fs2.csv,
				StringFilterLab/Generated/Example/LossResults_Example/v65/Fs3.csv,
				StringFilterLab/Generated/Example/LossResults_Example/v65/Fs4.csv,
				StringFilterLab/Generated/Example/LossResults_Example/v65/Fs5.csv,
				StringFilterLab/Generated/Example/LossResults_Example/v65/Fs6.csv,
				StringFilterLab/Generated/Example/LossResults_Example/v65/Fs7.csv,
				StringFilterLab/Generated/Example/LossResults_Example/v65/G1.csv,
				StringFilterLab/Generated/Example/LossResults_Example/v65/G2.csv,
				StringFilterLab/Generated/Example/LossResults_Example/v65/G3.csv,
				StringFilterLab/Generated/Example/LossResults_Example/v65/G4.csv,
				StringFilterLab/Generated/Example/LossResults_Example/v65/G5.csv,
				StringFilterLab/Generated/Example/LossResults_Example/v65/G6.csv,
				StringFilterLab/Generated/Example/LossResults_Example/v65/G7.csv,
				StringFilterLab/Generated/Example/LossResults_Example/v65/Gs1.csv,
				StringFilterLab/Generated/Example/LossResults_Example/v65/Gs2.csv,
				StringFilterLab/Generated/Example/LossResults_Example/v65/Gs3.csv,
				StringFilterLab/Generated/Example/LossResults_Example/v65/Gs4.csv,
				StringFilterLab/Generated/Example/LossResults_Example/v65/Gs5.csv,
				StringFilterLab/Generated/Example/LossResults_Example/v65/Gs6.csv,
				StringFilterLab/Generated/Example/LossResults_Example/v65/Gs7.csv,
				StringFilterLab/Generated/Example/LossResults_Example/v80/A0.csv,
				StringFilterLab/Generated/Example/LossResults_Example/v80/A1.csv,
				StringFilterLab/Generated/Example/LossResults_Example/v80/A2.csv,
				StringFilterLab/Generated/Example/LossResults_Example/v80/A3.csv,
				StringFilterLab/Generated/Example/LossResults_Example/v80/A4.csv,
				StringFilterLab/Generated/Example/LossResults_Example/v80/A5.csv,
				StringFilterLab/Generated/Example/LossResults_Example/v80/A6.csv,
				StringFilterLab/Generated/Example/LossResults_Example/v80/A7.csv,
				StringFilterLab/Generated/Example/LossResults_Example/v80/As0.csv,
				StringFilterLab/Generated/Example/LossResults_Example/v80/As1.csv,
				StringFilterLab/Generated/Example/LossResults_Example/v80/As2.csv,
				StringFilterLab/Generated/Example/LossResults_Example/v80/As3.csv,
				StringFilterLab/Generated/Example/LossResults_Example/v80/As4.csv,
				StringFilterLab/Generated/Example/LossResults_Example/v80/As5.csv,
				StringFilterLab/Generated/Example/LossResults_Example/v80/As6.csv,
				StringFilterLab/Generated/Example/LossResults_Example/v80/As7.csv,
				StringFilterLab/Generated/Example/LossResults_Example/v80/B0.csv,
				StringFilterLab/Generated/Example/LossResults_Example/v80/B1.csv,
				StringFilterLab/Generated/Example/LossResults_Example/v80/B2.csv,
				StringFilterLab/Generated/Example/LossResults_Example/v80/B3.csv,
				StringFilterLab/Generated/Example/LossResults_Example/v80/B4.csv,
				StringFilterLab/Generated/Example/LossResults_Example/v80/B5.csv,
				StringFilterLab/Generated/Example/LossResults_Example/v80/B6.csv,
				StringFilterLab/Generated/Example/LossResults_Example/v80/B7.csv,
				StringFilterLab/Generated/Example/LossResults_Example/v80/C1.csv,
				StringFilterLab/Generated/Example/LossResults_Example/v80/C2.csv,
				StringFilterLab/Generated/Example/LossResults_Example/v80/C3.csv,
				StringFilterLab/Generated/Example/LossResults_Example/v80/C4.csv,
				StringFilterLab/Generated/Example/LossResults_Example/v80/C5.csv,
				StringFilterLab/Generated/Example/LossResults_Example/v80/C6.csv,
				StringFilterLab/Generated/Example/LossResults_Example/v80/C7.csv,
				StringFilterLab/Generated/Example/LossResults_Example/v80/C8.csv,
				StringFilterLab/Generated/Example/LossResults_Example/v80/Cs1.csv,
				StringFilterLab/Generated/Example/LossResults_Example/v80/Cs2.csv,
				StringFilterLab/Generated/Example/LossResults_Example/v80/Cs3.csv,
				StringFilterLab/Generated/Example/LossResults_Example/v80/Cs4.csv,
				StringFilterLab/Generated/Example/LossResults_Example/v80/Cs5.csv,
				StringFilterLab/Generated/Example/LossResults_Example/v80/Cs6.csv,
				StringFilterLab/Generated/Example/LossResults_Example/v80/Cs7.csv,
				StringFilterLab/Generated/Example/LossResults_Example/v80/D1.csv,
				StringFilterLab/Generated/Example/LossResults_Example/v80/D2.csv,
				StringFilterLab/Generated/Example/LossResults_Example/v80/D3.csv,
				StringFilterLab/Generated/Example/LossResults_Example/v80/D4.csv,
				StringFilterLab/Generated/Example/LossResults_Example/v80/D5.csv,
				StringFilterLab/Generated/Example/LossResults_Example/v80/D6.csv,
				StringFilterLab/Generated/Example/LossResults_Example/v80/D7.csv,
				StringFilterLab/Generated/Example/LossResults_Example/v80/Ds1.csv,
				StringFilterLab/Generated/Example/LossResults_Example/v80/Ds2.csv,
				StringFilterLab/Generated/Example/LossResults_Example/v80/Ds3.csv,
				StringFilterLab/Generated/Example/LossResults_Example/v80/Ds4.csv,
				StringFilterLab/Generated/Example/LossResults_Example/v80/Ds5.csv,
				StringFilterLab/Generated/Example/LossResults_Example/v80/Ds6.csv,
				StringFilterLab/Generated/Example/LossResults_Example/v80/Ds7.csv,
				StringFilterLab/Generated/Example/LossResults_Example/v80/E1.csv,
				StringFilterLab/Generated/Example/LossResults_Example/v80/E2.csv,
				StringFilterLab/Generated/Example/LossResults_Example/v80/E3.csv,
				StringFilterLab/Generated/Example/LossResults_Example/v80/E4.csv,
				StringFilterLab/Generated/Example/LossResults_Example/v80/E5.csv,
				StringFilterLab/Generated/Example/LossResults_Example/v80/E6.csv,
				StringFilterLab/Generated/Example/LossResults_Example/v80/E7.csv,
				StringFilterLab/Generated/Example/LossResults_Example/v80/F1.csv,
				StringFilterLab/Generated/Example/LossResults_Example/v80/F2.csv,
				StringFilterLab/Generated/Example/LossResults_Example/v80/F3.csv,
				StringFilterLab/Generated/Example/LossResults_Example/v80/F4.csv,
				StringFilterLab/Generated/Example/LossResults_Example/v80/F5.csv,
				StringFilterLab/Generated/Example/LossResults_Example/v80/F6.csv,
				StringFilterLab/Generated/Example/LossResults_Example/v80/F7.csv,
				StringFilterLab/Generated/Example/LossResults_Example/v80/Fs1.csv,
				StringFilterLab/Generated/Example/LossResults_Example/v80/Fs2.csv,
				StringFilterLab/Generated/Example/LossResults_Example/v80/Fs3.csv,
				StringFilterLab/Generated/Example/LossResults_Example/v80/Fs4.csv,
				StringFilterLab/Generated/Example/LossResults_Example/v80/Fs5.csv,
				StringFilterLab/Generated/Example/LossResults_Example/v80/Fs6.csv,
				StringFilterLab/Generated/Example/LossResults_Example/v80/Fs7.csv,
				StringFilterLab/Generated/Example/LossResults_Example/v80/G1.csv,
				StringFilterLab/Generated/Example/LossResults_Example/v80/G2.csv,
				StringFilterLab/Generated/Example/LossResults_Example/v80/G3.csv,
				StringFilterLab/Generated/Example/LossResults_Example/v80/G4.csv,
				StringFilterLab/Generated/Example/LossResults_Example/v80/G5.csv,
				StringFilterLab/Generated/Example/LossResults_Example/v80/G6.csv,
				StringFilterLab/Generated/Example/LossResults_Example/v80/G7.csv,
				StringFilterLab/Generated/Example/LossResults_Example/v80/Gs1.csv,
				StringFilterLab/Generated/Example/LossResults_Example/v80/Gs2.csv,
				StringFilterLab/Generated/Example/LossResults_Example/v80/Gs3.csv,
				StringFilterLab/Generated/Example/LossResults_Example/v80/Gs4.csv,
				StringFilterLab/Generated/Example/LossResults_Example/v80/Gs5.csv,
				StringFilterLab/Generated/Example/LossResults_Example/v80/Gs6.csv,
				StringFilterLab/Generated/Example/LossResults_Example/v80/Gs7.csv,
				StringFilterLab/Generated/Example/LossResults_Example/v95/A0.csv,
				StringFilterLab/Generated/Example/LossResults_Example/v95/A1.csv,
				StringFilterLab/Generated/Example/LossResults_Example/v95/A2.csv,
				StringFilterLab/Generated/Example/LossResults_Example/v95/A3.csv,
				StringFilterLab/Generated/Example/LossResults_Example/v95/A4.csv,
				StringFilterLab/Generated/Example/LossResults_Example/v95/A5.csv,
				StringFilterLab/Generated/Example/LossResults_Example/v95/A6.csv,
				StringFilterLab/Generated/Example/LossResults_Example/v95/A7.csv,
				StringFilterLab/Generated/Example/LossResults_Example/v95/As0.csv,
				StringFilterLab/Generated/Example/LossResults_Example/v95/As1.csv,
				StringFilterLab/Generated/Example/LossResults_Example/v95/As2.csv,
				StringFilterLab/Generated/Example/LossResults_Example/v95/As3.csv,
				StringFilterLab/Generated/Example/LossResults_Example/v95/As4.csv,
				StringFilterLab/Generated/Example/LossResults_Example/v95/As5.csv,
				StringFilterLab/Generated/Example/LossResults_Example/v95/As6.csv,
				StringFilterLab/Generated/Example/LossResults_Example/v95/As7.csv,
				StringFilterLab/Generated/Example/LossResults_Example/v95/B0.csv,
				StringFilterLab/Generated/Example/LossResults_Example/v95/B1.csv,
				StringFilterLab/Generated/Example/LossResults_Example/v95/B2.csv,
				StringFilterLab/Generated/Example/LossResults_Example/v95/B3.csv,
				StringFilterLab/Generated/Example/LossResults_Example/v95/B4.csv,
				StringFilterLab/Generated/Example/LossResults_Example/v95/B5.csv,
				StringFilterLab/Generated/Example/LossResults_Example/v95/B6.csv,
				StringFilterLab/Generated/Example/LossResults_Example/v95/B7.csv,
				StringFilterLab/Generated/Example/LossResults_Example/v95/C1.csv,
				StringFilterLab/Generated/Example/LossResults_Example/v95/C2.csv,
				StringFilterLab/Generated/Example/LossResults_Example/v95/C3.csv,
				StringFilterLab/Generated/Example/LossResults_Example/v95/C4.csv,
				StringFilterLab/Generated/Example/LossResults_Example/v95/C5.csv,
				StringFilterLab/Generated/Example/LossResults_Example/v95/C6.csv,
				StringFilterLab/Generated/Example/LossResults_Example/v95/C7.csv,
				StringFilterLab/Generated/Example/LossResults_Example/v95/C8.csv,
				StringFilterLab/Generated/Example/LossResults_Example/v95/Cs1.csv,
				StringFilterLab/Generated/Example/LossResults_Example/v95/Cs2.csv,
				StringFilterLab/Generated/Example/LossResults_Example/v95/Cs3.csv,
				StringFilterLab/Generated/Example/LossResults_Example/v95/Cs4.csv,
				StringFilterLab/Generated/Example/LossResults_Example/v95/Cs5.csv,
				StringFilterLab/Generated/Example/LossResults_Example/v95/Cs6.csv,
				StringFilterLab/Generated/Example/LossResults_Example/v95/Cs7.csv,
				StringFilterLab/Generated/Example/LossResults_Example/v95/D1.csv,
				StringFilterLab/Generated/Example/LossResults_Example/v95/D2.csv,
				StringFilterLab/Generated/Example/LossResults_Example/v95/D3.csv,
				StringFilterLab/Generated/Example/LossResults_Example/v95/D4.csv,
				StringFilterLab/Generated/Example/LossResults_Example/v95/D5.csv,
				StringFilterLab/Generated/Example/LossResults_Example/v95/D6.csv,
				StringFilterLab/Generated/Example/LossResults_Example/v95/D7.csv,
				StringFilterLab/Generated/Example/LossResults_Example/v95/Ds1.csv,
				StringFilterLab/Generated/Example/LossResults_Example/v95/Ds2.csv,
				StringFilterLab/Generated/Example/LossResults_Example/v95/Ds3.csv,
				StringFilterLab/Generated/Example/LossResults_Example/v95/Ds4.csv,
				StringFilterLab/Generated/Example/LossResults_Example/v95/Ds5.csv,
				StringFilterLab/Generated/Example/LossResults_Example/v95/Ds6.csv,
				StringFilterLab/Generated/Example/LossResults_Example/v95/Ds7.csv,
				StringFilterLab/Generated/Example/LossResults_Example/v95/E1.csv,
				StringFilterLab/Generated/Example/LossResults_Example/v95/E2.csv,
				StringFilterLab/Generated/Example/LossResults_Example/v95/E3.csv,
				StringFilterLab/Generated/Example/LossResults_Example/v95/E4.csv,
				StringFilterLab/Generated/Example/LossResults_Example/v95/E5.csv,
				StringFilterLab/Generated/Example/LossResults_Example/v95/E6.csv,
				StringFilterLab/Generated/Example/LossResults_Example/v95/E7.csv,
				StringFilterLab/Generated/Example/LossResults_Example/v95/F1.csv,
				StringFilterLab/Generated/Example/LossResults_Example/v95/F2.csv,
				StringFilterLab/Generated/Example/LossResults_Example/v95/F3.csv,
				StringFilterLab/Generated/Example/LossResults_Example/v95/F4.csv,
				StringFilterLab/Generated/Example/LossResults_Example/v95/F5.csv,
				StringFilterLab/Generated/Example/LossResults_Example/v95/F6.csv,
				StringFilterLab/Generated/Example/LossResults_Example/v95/F7.csv,
				StringFilterLab/Generated/Example/LossResults_Example/v95/Fs1.csv,
				StringFilterLab/Generated/Example/LossResults_Example/v95/Fs2.csv,
				StringFilterLab/Generated/Example/LossResults_Example/v95/Fs3.csv,
				StringFilterLab/Generated/Example/LossResults_Example/v95/Fs4.csv,
				StringFilterLab/Generated/Example/LossResults_Example/v95/Fs5.csv,
				StringFilterLab/Generated/Example/LossResults_Example/v95/Fs6.csv,
				StringFilterLab/Generated/Example/LossResults_Example/v95/Fs7.csv,
				StringFilterLab/Generated/Example/LossResults_Example/v95/G1.csv,
				StringFilterLab/Generated/Example/LossResults_Example/v95/G2.csv,
				StringFilterLab/Generated/Example/LossResults_Example/v95/G3.csv,
				StringFilterLab/Generated/Example/LossResults_Example/v95/G4.csv,
				StringFilterLab/Generated/Example/LossResults_Example/v95/G5.csv,
				StringFilterLab/Generated/Example/LossResults_Example/v95/G6.csv,
				StringFilterLab/Generated/Example/LossResults_Example/v95/G7.csv,
				StringFilterLab/Generated/Example/LossResults_Example/v95/Gs1.csv,
				StringFilterLab/Generated/Example/LossResults_Example/v95/Gs2.csv,
				StringFilterLab/Generated/Example/LossResults_Example/v95/Gs3.csv,
				StringFilterLab/Generated/Example/LossResults_Example/v95/Gs4.csv,
				StringFilterLab/Generated/Example/LossResults_Example/v95/Gs5.csv,
				StringFilterLab/Generated/Example/LossResults_Example/v95/Gs6.csv,
				StringFilterLab/Generated/Example/LossResults_Example/v95/Gs7.csv,
				StringFilterLab/Generated/Example/LossResults_Example/v110/A0.csv,
				StringFilterLab/Generated/Example/LossResults_Example/v110/A1.csv,
				StringFilterLab/Generated/Example/LossResults_Example/v110/A2.csv,
				StringFilterLab/Generated/Example/LossResults_Example/v110/A3.csv,
				StringFilterLab/Generated/Example/LossResults_Example/v110/A4.csv,
				StringFilterLab/Generated/Example/LossResults_Example/v110/A5.csv,
				StringFilterLab/Generated/Example/LossResults_Example/v110/A6.csv,
				StringFilterLab/Generated/Example/LossResults_Example/v110/A7.csv,
				StringFilterLab/Generated/Example/LossResults_Example/v110/As0.csv,
				StringFilterLab/Generated/Example/LossResults_Example/v110/As1.csv,
				StringFilterLab/Generated/Example/LossResults_Example/v110/As2.csv,
				StringFilterLab/Generated/Example/LossResults_Example/v110/As3.csv,
				StringFilterLab/Generated/Example/LossResults_Example/v110/As4.csv,
				StringFilterLab/Generated/Example/LossResults_Example/v110/As5.csv,
				StringFilterLab/Generated/Example/LossResults_Example/v110/As6.csv,
				StringFilterLab/Generated/Example/LossResults_Example/v110/As7.csv,
				StringFilterLab/Generated/Example/LossResults_Example/v110/B0.csv,
				StringFilterLab/Generated/Example/LossResults_Example/v110/B1.csv,
				StringFilterLab/Generated/Example/LossResults_Example/v110/B2.csv,
				StringFilterLab/Generated/Example/LossResults_Example/v110/B3.csv,
				StringFilterLab/Generated/Example/LossResults_Example/v110/B4.csv,
				StringFilterLab/Generated/Example/LossResults_Example/v110/B5.csv,
				StringFilterLab/Generated/Example/LossResults_Example/v110/B6.csv,
				StringFilterLab/Generated/Example/LossResults_Example/v110/B7.csv,
				StringFilterLab/Generated/Example/LossResults_Example/v110/C1.csv,
				StringFilterLab/Generated/Example/LossResults_Example/v110/C2.csv,
				StringFilterLab/Generated/Example/LossResults_Example/v110/C3.csv,
				StringFilterLab/Generated/Example/LossResults_Example/v110/C4.csv,
				StringFilterLab/Generated/Example/LossResults_Example/v110/C5.csv,
				StringFilterLab/Generated/Example/LossResults_Example/v110/C6.csv,
				StringFilterLab/Generated/Example/LossResults_Example/v110/C7.csv,
				StringFilterLab/Generated/Example/LossResults_Example/v110/C8.csv,
				StringFilterLab/Generated/Example/LossResults_Example/v110/Cs1.csv,
				StringFilterLab/Generated/Example/LossResults_Example/v110/Cs2.csv,
				StringFilterLab/Generated/Example/LossResults_Example/v110/Cs3.csv,
				StringFilterLab/Generated/Example/LossResults_Example/v110/Cs4.csv,
				StringFilterLab/Generated/Example/LossResults_Example/v110/Cs5.csv,
				StringFilterLab/Generated/Example/LossResults_Example/v110/Cs6.csv,
				StringFilterLab/Generated/Example/LossResults_Example/v110/Cs7.csv,
				StringFilterLab/Generated/Example/LossResults_Example/v110/D1.csv,
				StringFilterLab/Generated/Example/LossResults_Example/v110/D2.csv,
				StringFilterLab/Generated/Example/LossResults_Example/v110/D3.csv,
				StringFilterLab/Generated/Example/LossResults_Example/v110/D4.csv,
				StringFilterLab/Generated/Example/LossResults_Example/v110/D5.csv,
				StringFilterLab/Generated/Example/LossResults_Example/v110/D6.csv,
				StringFilterLab/Generated/Example/LossResults_Example/v110/D7.csv,
				StringFilterLab/Generated/Example/LossResults_Example/v110/Ds1.csv,
				StringFilterLab/Generated/Example/LossResults_Example/v110/Ds2.csv,
				StringFilterLab/Generated/Example/LossResults_Example/v110/Ds3.csv,
				StringFilterLab/Generated/Example/LossResults_Example/v110/Ds4.csv,
				StringFilterLab/Generated/Example/LossResults_Example/v110/Ds5.csv,
				StringFilterLab/Generated/Example/LossResults_Example/v110/Ds6.csv,
				StringFilterLab/Generated/Example/LossResults_Example/v110/Ds7.csv,
				StringFilterLab/Generated/Example/LossResults_Example/v110/E1.csv,
				StringFilterLab/Generated/Example/LossResults_Example/v110/E2.csv,
				StringFilterLab/Generated/Example/LossResults_Example/v110/E3.csv,
				StringFilterLab/Generated/Example/LossResults_Example/v110/E4.csv,
				StringFilterLab/Generated/Example/LossResults_Example/v110/E5.csv,
				StringFilterLab/Generated/Example/LossResults_Example/v110/E6.csv,
				StringFilterLab/Generated/Example/LossResults_Example/v110/E7.csv,
				StringFilterLab/Generated/Example/LossResults_Example/v110/F1.csv,
				StringFilterLab/Generated/Example/LossResults_Example/v110/F2.csv,
				StringFilterLab/Generated/Example/LossResults_Example/v110/F3.csv,
				StringFilterLab/Generated/Example/LossResults_Example/v110/F4.csv,
				StringFilterLab/Generated/Example/LossResults_Example/v110/F5.csv,
				StringFilterLab/Generated/Example/LossResults_Example/v110/F6.csv,
				StringFilterLab/Generated/Example/LossResults_Example/v110/F7.csv,
				StringFilterLab/Generated/Example/LossResults_Example/v110/Fs1.csv,
				StringFilterLab/Generated/Example/LossResults_Example/v110/Fs2.csv,
				StringFilterLab/Generated/Example/LossResults_Example/v110/Fs3.csv,
				StringFilterLab/Generated/Example/LossResults_Example/v110/Fs4.csv,
				StringFilterLab/Generated/Example/LossResults_Example/v110/Fs5.csv,
				StringFilterLab/Generated/Example/LossResults_Example/v110/Fs6.csv,
				StringFilterLab/Generated/Example/LossResults_Example/v110/Fs7.csv,
				StringFilterLab/Generated/Example/LossResults_Example/v110/G1.csv,
				StringFilterLab/Generated/Example/LossResults_Example/v110/G2.csv,
				StringFilterLab/Generated/Example/LossResults_Example/v110/G3.csv,
				StringFilterLab/Generated/Example/LossResults_Example/v110/G4.csv,
				StringFilterLab/Generated/Example/LossResults_Example/v110/G5.csv,
				StringFilterLab/Generated/Example/LossResults_Example/v110/G6.csv,
				StringFilterLab/Generated/Example/LossResults_Example/v110/G7.csv,
				StringFilterLab/Generated/Example/LossResults_Example/v110/Gs1.csv,
				StringFilterLab/Generated/Example/LossResults_Example/v110/Gs2.csv,
				StringFilterLab/Generated/Example/LossResults_Example/v110/Gs3.csv,
				StringFilterLab/Generated/Example/LossResults_Example/v110/Gs4.csv,
				StringFilterLab/Generated/Example/LossResults_Example/v110/Gs5.csv,
				StringFilterLab/Generated/Example/LossResults_Example/v110/Gs6.csv,
				StringFilterLab/Generated/Example/LossResults_Example/v110/Gs7.csv,
				StringFilterLab/Midi/take01_v50.mid,
				StringFilterLab/Midi/take02_v65.mid,
				StringFilterLab/Midi/take03_v80.mid,
				StringFilterLab/Midi/take04_v95.mid,
				StringFilterLab/Midi/take05_v110.mid,
				"StringFilterLab/Samples/Pianoteq 9/SingleNoteSamples/Split/v50/A0_take01_v50.wav",
				"StringFilterLab/Samples/Pianoteq 9/SingleNoteSamples/Split/v50/A1_take01_v50.wav",
				"StringFilterLab/Samples/Pianoteq 9/SingleNoteSamples/Split/v50/A2_take01_v50.wav",
				"StringFilterLab/Samples/Pianoteq 9/SingleNoteSamples/Split/v50/A3_take01_v50.wav",
				"StringFilterLab/Samples/Pianoteq 9/SingleNoteSamples/Split/v50/A4_take01_v50.wav",
				"StringFilterLab/Samples/Pianoteq 9/SingleNoteSamples/Split/v50/A5_take01_v50.wav",
				"StringFilterLab/Samples/Pianoteq 9/SingleNoteSamples/Split/v50/A6_take01_v50.wav",
				"StringFilterLab/Samples/Pianoteq 9/SingleNoteSamples/Split/v50/A7_take01_v50.wav",
				"StringFilterLab/Samples/Pianoteq 9/SingleNoteSamples/Split/v50/As0_take01_v50.wav",
				"StringFilterLab/Samples/Pianoteq 9/SingleNoteSamples/Split/v50/As1_take01_v50.wav",
				"StringFilterLab/Samples/Pianoteq 9/SingleNoteSamples/Split/v50/As2_take01_v50.wav",
				"StringFilterLab/Samples/Pianoteq 9/SingleNoteSamples/Split/v50/As3_take01_v50.wav",
				"StringFilterLab/Samples/Pianoteq 9/SingleNoteSamples/Split/v50/As4_take01_v50.wav",
				"StringFilterLab/Samples/Pianoteq 9/SingleNoteSamples/Split/v50/As5_take01_v50.wav",
				"StringFilterLab/Samples/Pianoteq 9/SingleNoteSamples/Split/v50/As6_take01_v50.wav",
				"StringFilterLab/Samples/Pianoteq 9/SingleNoteSamples/Split/v50/As7_take01_v50.wav",
				"StringFilterLab/Samples/Pianoteq 9/SingleNoteSamples/Split/v50/B0_take01_v50.wav",
				"StringFilterLab/Samples/Pianoteq 9/SingleNoteSamples/Split/v50/B1_take01_v50.wav",
				"StringFilterLab/Samples/Pianoteq 9/SingleNoteSamples/Split/v50/B2_take01_v50.wav",
				"StringFilterLab/Samples/Pianoteq 9/SingleNoteSamples/Split/v50/B3_take01_v50.wav",
				"StringFilterLab/Samples/Pianoteq 9/SingleNoteSamples/Split/v50/B4_take01_v50.wav",
				"StringFilterLab/Samples/Pianoteq 9/SingleNoteSamples/Split/v50/B5_take01_v50.wav",
				"StringFilterLab/Samples/Pianoteq 9/SingleNoteSamples/Split/v50/B6_take01_v50.wav",
				"StringFilterLab/Samples/Pianoteq 9/SingleNoteSamples/Split/v50/B7_take01_v50.wav",
				"StringFilterLab/Samples/Pianoteq 9/SingleNoteSamples/Split/v50/C1_take01_v50.wav",
				"StringFilterLab/Samples/Pianoteq 9/SingleNoteSamples/Split/v50/C2_take01_v50.wav",
				"StringFilterLab/Samples/Pianoteq 9/SingleNoteSamples/Split/v50/C3_take01_v50.wav",
				"StringFilterLab/Samples/Pianoteq 9/SingleNoteSamples/Split/v50/C4_take01_v50.wav",
				"StringFilterLab/Samples/Pianoteq 9/SingleNoteSamples/Split/v50/C5_take01_v50.wav",
				"StringFilterLab/Samples/Pianoteq 9/SingleNoteSamples/Split/v50/C6_take01_v50.wav",
				"StringFilterLab/Samples/Pianoteq 9/SingleNoteSamples/Split/v50/C7_take01_v50.wav",
				"StringFilterLab/Samples/Pianoteq 9/SingleNoteSamples/Split/v50/C8_take01_v50.wav",
				"StringFilterLab/Samples/Pianoteq 9/SingleNoteSamples/Split/v50/Cs1_take01_v50.wav",
				"StringFilterLab/Samples/Pianoteq 9/SingleNoteSamples/Split/v50/Cs2_take01_v50.wav",
				"StringFilterLab/Samples/Pianoteq 9/SingleNoteSamples/Split/v50/Cs3_take01_v50.wav",
				"StringFilterLab/Samples/Pianoteq 9/SingleNoteSamples/Split/v50/Cs4_take01_v50.wav",
				"StringFilterLab/Samples/Pianoteq 9/SingleNoteSamples/Split/v50/Cs5_take01_v50.wav",
				"StringFilterLab/Samples/Pianoteq 9/SingleNoteSamples/Split/v50/Cs6_take01_v50.wav",
				"StringFilterLab/Samples/Pianoteq 9/SingleNoteSamples/Split/v50/Cs7_take01_v50.wav",
				"StringFilterLab/Samples/Pianoteq 9/SingleNoteSamples/Split/v50/D1_take01_v50.wav",
				"StringFilterLab/Samples/Pianoteq 9/SingleNoteSamples/Split/v50/D2_take01_v50.wav",
				"StringFilterLab/Samples/Pianoteq 9/SingleNoteSamples/Split/v50/D3_take01_v50.wav",
				"StringFilterLab/Samples/Pianoteq 9/SingleNoteSamples/Split/v50/D4_take01_v50.wav",
				"StringFilterLab/Samples/Pianoteq 9/SingleNoteSamples/Split/v50/D5_take01_v50.wav",
				"StringFilterLab/Samples/Pianoteq 9/SingleNoteSamples/Split/v50/D6_take01_v50.wav",
				"StringFilterLab/Samples/Pianoteq 9/SingleNoteSamples/Split/v50/D7_take01_v50.wav",
				"StringFilterLab/Samples/Pianoteq 9/SingleNoteSamples/Split/v50/Ds1_take01_v50.wav",
				"StringFilterLab/Samples/Pianoteq 9/SingleNoteSamples/Split/v50/Ds2_take01_v50.wav",
				"StringFilterLab/Samples/Pianoteq 9/SingleNoteSamples/Split/v50/Ds3_take01_v50.wav",
				"StringFilterLab/Samples/Pianoteq 9/SingleNoteSamples/Split/v50/Ds4_take01_v50.wav",
				"StringFilterLab/Samples/Pianoteq 9/SingleNoteSamples/Split/v50/Ds5_take01_v50.wav",
				"StringFilterLab/Samples/Pianoteq 9/SingleNoteSamples/Split/v50/Ds6_take01_v50.wav",
				"StringFilterLab/Samples/Pianoteq 9/SingleNoteSamples/Split/v50/Ds7_take01_v50.wav",
				"StringFilterLab/Samples/Pianoteq 9/SingleNoteSamples/Split/v50/E1_take01_v50.wav",
				"StringFilterLab/Samples/Pianoteq 9/SingleNoteSamples/Split/v50/E2_take01_v50.wav",
				"StringFilterLab/Samples/Pianoteq 9/SingleNoteSamples/Split/v50/E3_take01_v50.wav",
				"StringFilterLab/Samples/Pianoteq 9/SingleNoteSamples/Split/v50/E4_take01_v50.wav",
				"StringFilterLab/Samples/Pianoteq 9/SingleNoteSamples/Split/v50/E5_take01_v50.wav",
				"StringFilterLab/Samples/Pianoteq 9/SingleNoteSamples/Split/v50/E6_take01_v50.wav",
				"StringFilterLab/Samples/Pianoteq 9/SingleNoteSamples/Split/v50/E7_take01_v50.wav",
				"StringFilterLab/Samples/Pianoteq 9/SingleNoteSamples/Split/v50/F1_take01_v50.wav",
				"StringFilterLab/Samples/Pianoteq 9/SingleNoteSamples/Split/v50/F2_take01_v50.wav",
				"StringFilterLab/Samples/Pianoteq 9/SingleNoteSamples/Split/v50/F3_take01_v50.wav",
				"StringFilterLab/Samples/Pianoteq 9/SingleNoteSamples/Split/v50/F4_take01_v50.wav",
				"StringFilterLab/Samples/Pianoteq 9/SingleNoteSamples/Split/v50/F5_take01_v50.wav",
				"StringFilterLab/Samples/Pianoteq 9/SingleNoteSamples/Split/v50/F6_take01_v50.wav",
				"StringFilterLab/Samples/Pianoteq 9/SingleNoteSamples/Split/v50/F7_take01_v50.wav",
				"StringFilterLab/Samples/Pianoteq 9/SingleNoteSamples/Split/v50/Fs1_take01_v50.wav",
				"StringFilterLab/Samples/Pianoteq 9/SingleNoteSamples/Split/v50/Fs2_take01_v50.wav",
				"StringFilterLab/Samples/Pianoteq 9/SingleNoteSamples/Split/v50/Fs3_take01_v50.wav",
				"StringFilterLab/Samples/Pianoteq 9/SingleNoteSamples/Split/v50/Fs4_take01_v50.wav",
				"StringFilterLab/Samples/Pianoteq 9/SingleNoteSamples/Split/v50/Fs5_take01_v50.wav",
				"StringFilterLab/Samples/Pianoteq 9/SingleNoteSamples/Split/v50/Fs6_take01_v50.wav",
				"StringFilterLab/Samples/Pianoteq 9/SingleNoteSamples/Split/v50/Fs7_take01_v50.wav",
				"StringFilterLab/Samples/Pianoteq 9/SingleNoteSamples/Split/v50/G1_take01_v50.wav",
				"StringFilterLab/Samples/Pianoteq 9/SingleNoteSamples/Split/v50/G2_take01_v50.wav",
				"StringFilterLab/Samples/Pianoteq 9/SingleNoteSamples/Split/v50/G3_take01_v50.wav",
				"StringFilterLab/Samples/Pianoteq 9/SingleNoteSamples/Split/v50/G4_take01_v50.wav",
				"StringFilterLab/Samples/Pianoteq 9/SingleNoteSamples/Split/v50/G5_take01_v50.wav",
				"StringFilterLab/Samples/Pianoteq 9/SingleNoteSamples/Split/v50/G6_take01_v50.wav",
				"StringFilterLab/Samples/Pianoteq 9/SingleNoteSamples/Split/v50/G7_take01_v50.wav",
				"StringFilterLab/Samples/Pianoteq 9/SingleNoteSamples/Split/v50/Gs1_take01_v50.wav",
				"StringFilterLab/Samples/Pianoteq 9/SingleNoteSamples/Split/v50/Gs2_take01_v50.wav",
				"StringFilterLab/Samples/Pianoteq 9/SingleNoteSamples/Split/v50/Gs3_take01_v50.wav",
				"StringFilterLab/Samples/Pianoteq 9/SingleNoteSamples/Split/v50/Gs4_take01_v50.wav",
				"StringFilterLab/Samples/Pianoteq 9/SingleNoteSamples/Split/v50/Gs5_take01_v50.wav",
				"StringFilterLab/Samples/Pianoteq 9/SingleNoteSamples/Split/v50/Gs6_take01_v50.wav",
				"StringFilterLab/Samples/Pianoteq 9/SingleNoteSamples/Split/v50/Gs7_take01_v50.wav",
				"StringFilterLab/Samples/Pianoteq 9/SingleNoteSamples/Split/v65/A0_take02_v65.wav",
				"StringFilterLab/Samples/Pianoteq 9/SingleNoteSamples/Split/v65/A1_take02_v65.wav",
				"StringFilterLab/Samples/Pianoteq 9/SingleNoteSamples/Split/v65/A2_take02_v65.wav",
				"StringFilterLab/Samples/Pianoteq 9/SingleNoteSamples/Split/v65/A3_take02_v65.wav",
				"StringFilterLab/Samples/Pianoteq 9/SingleNoteSamples/Split/v65/A4_take02_v65.wav",
				"StringFilterLab/Samples/Pianoteq 9/SingleNoteSamples/Split/v65/A5_take02_v65.wav",
				"StringFilterLab/Samples/Pianoteq 9/SingleNoteSamples/Split/v65/A6_take02_v65.wav",
				"StringFilterLab/Samples/Pianoteq 9/SingleNoteSamples/Split/v65/A7_take02_v65.wav",
				"StringFilterLab/Samples/Pianoteq 9/SingleNoteSamples/Split/v65/As0_take02_v65.wav",
				"StringFilterLab/Samples/Pianoteq 9/SingleNoteSamples/Split/v65/As1_take02_v65.wav",
				"StringFilterLab/Samples/Pianoteq 9/SingleNoteSamples/Split/v65/As2_take02_v65.wav",
				"StringFilterLab/Samples/Pianoteq 9/SingleNoteSamples/Split/v65/As3_take02_v65.wav",
				"StringFilterLab/Samples/Pianoteq 9/SingleNoteSamples/Split/v65/As4_take02_v65.wav",
				"StringFilterLab/Samples/Pianoteq 9/SingleNoteSamples/Split/v65/As5_take02_v65.wav",
				"StringFilterLab/Samples/Pianoteq 9/SingleNoteSamples/Split/v65/As6_take02_v65.wav",
				"StringFilterLab/Samples/Pianoteq 9/SingleNoteSamples/Split/v65/As7_take02_v65.wav",
				"StringFilterLab/Samples/Pianoteq 9/SingleNoteSamples/Split/v65/B0_take02_v65.wav",
				"StringFilterLab/Samples/Pianoteq 9/SingleNoteSamples/Split/v65/B1_take02_v65.wav",
				"StringFilterLab/Samples/Pianoteq 9/SingleNoteSamples/Split/v65/B2_take02_v65.wav",
				"StringFilterLab/Samples/Pianoteq 9/SingleNoteSamples/Split/v65/B3_take02_v65.wav",
				"StringFilterLab/Samples/Pianoteq 9/SingleNoteSamples/Split/v65/B4_take02_v65.wav",
				"StringFilterLab/Samples/Pianoteq 9/SingleNoteSamples/Split/v65/B5_take02_v65.wav",
				"StringFilterLab/Samples/Pianoteq 9/SingleNoteSamples/Split/v65/B6_take02_v65.wav",
				"StringFilterLab/Samples/Pianoteq 9/SingleNoteSamples/Split/v65/B7_take02_v65.wav",
				"StringFilterLab/Samples/Pianoteq 9/SingleNoteSamples/Split/v65/C1_take02_v65.wav",
				"StringFilterLab/Samples/Pianoteq 9/SingleNoteSamples/Split/v65/C2_take02_v65.wav",
				"StringFilterLab/Samples/Pianoteq 9/SingleNoteSamples/Split/v65/C3_take02_v65.wav",
				"StringFilterLab/Samples/Pianoteq 9/SingleNoteSamples/Split/v65/C4_take02_v65.wav",
				"StringFilterLab/Samples/Pianoteq 9/SingleNoteSamples/Split/v65/C5_take02_v65.wav",
				"StringFilterLab/Samples/Pianoteq 9/SingleNoteSamples/Split/v65/C6_take02_v65.wav",
				"StringFilterLab/Samples/Pianoteq 9/SingleNoteSamples/Split/v65/C7_take02_v65.wav",
				"StringFilterLab/Samples/Pianoteq 9/SingleNoteSamples/Split/v65/C8_take02_v65.wav",
				"StringFilterLab/Samples/Pianoteq 9/SingleNoteSamples/Split/v65/Cs1_take02_v65.wav",
				"StringFilterLab/Samples/Pianoteq 9/SingleNoteSamples/Split/v65/Cs2_take02_v65.wav",
				"StringFilterLab/Samples/Pianoteq 9/SingleNoteSamples/Split/v65/Cs3_take02_v65.wav",
				"StringFilterLab/Samples/Pianoteq 9/SingleNoteSamples/Split/v65/Cs4_take02_v65.wav",
				"StringFilterLab/Samples/Pianoteq 9/SingleNoteSamples/Split/v65/Cs5_take02_v65.wav",
				"StringFilterLab/Samples/Pianoteq 9/SingleNoteSamples/Split/v65/Cs6_take02_v65.wav",
				"StringFilterLab/Samples/Pianoteq 9/SingleNoteSamples/Split/v65/Cs7_take02_v65.wav",
				"StringFilterLab/Samples/Pianoteq 9/SingleNoteSamples/Split/v65/D1_take02_v65.wav",
				"StringFilterLab/Samples/Pianoteq 9/SingleNoteSamples/Split/v65/D2_take02_v65.wav",
				"StringFilterLab/Samples/Pianoteq 9/SingleNoteSamples/Split/v65/D3_take02_v65.wav",
				"StringFilterLab/Samples/Pianoteq 9/SingleNoteSamples/Split/v65/D4_take02_v65.wav",
				"StringFilterLab/Samples/Pianoteq 9/SingleNoteSamples/Split/v65/D5_take02_v65.wav",
				"StringFilterLab/Samples/Pianoteq 9/SingleNoteSamples/Split/v65/D6_take02_v65.wav",
				"StringFilterLab/Samples/Pianoteq 9/SingleNoteSamples/Split/v65/D7_take02_v65.wav",
				"StringFilterLab/Samples/Pianoteq 9/SingleNoteSamples/Split/v65/Ds1_take02_v65.wav",
				"StringFilterLab/Samples/Pianoteq 9/SingleNoteSamples/Split/v65/Ds2_take02_v65.wav",
				"StringFilterLab/Samples/Pianoteq 9/SingleNoteSamples/Split/v65/Ds3_take02_v65.wav",
				"StringFilterLab/Samples/Pianoteq 9/SingleNoteSamples/Split/v65/Ds4_take02_v65.wav",
				"StringFilterLab/Samples/Pianoteq 9/SingleNoteSamples/Split/v65/Ds5_take02_v65.wav",
				"StringFilterLab/Samples/Pianoteq 9/SingleNoteSamples/Split/v65/Ds6_take02_v65.wav",
				"StringFilterLab/Samples/Pianoteq 9/SingleNoteSamples/Split/v65/Ds7_take02_v65.wav",
				"StringFilterLab/Samples/Pianoteq 9/SingleNoteSamples/Split/v65/E1_take02_v65.wav",
				"StringFilterLab/Samples/Pianoteq 9/SingleNoteSamples/Split/v65/E2_take02_v65.wav",
				"StringFilterLab/Samples/Pianoteq 9/SingleNoteSamples/Split/v65/E3_take02_v65.wav",
				"StringFilterLab/Samples/Pianoteq 9/SingleNoteSamples/Split/v65/E4_take02_v65.wav",
				"StringFilterLab/Samples/Pianoteq 9/SingleNoteSamples/Split/v65/E5_take02_v65.wav",
				"StringFilterLab/Samples/Pianoteq 9/SingleNoteSamples/Split/v65/E6_take02_v65.wav",
				"StringFilterLab/Samples/Pianoteq 9/SingleNoteSamples/Split/v65/E7_take02_v65.wav",
				"StringFilterLab/Samples/Pianoteq 9/SingleNoteSamples/Split/v65/F1_take02_v65.wav",
				"StringFilterLab/Samples/Pianoteq 9/SingleNoteSamples/Split/v65/F2_take02_v65.wav",
				"StringFilterLab/Samples/Pianoteq 9/SingleNoteSamples/Split/v65/F3_take02_v65.wav",
				"StringFilterLab/Samples/Pianoteq 9/SingleNoteSamples/Split/v65/F4_take02_v65.wav",
				"StringFilterLab/Samples/Pianoteq 9/SingleNoteSamples/Split/v65/F5_take02_v65.wav",
				"StringFilterLab/Samples/Pianoteq 9/SingleNoteSamples/Split/v65/F6_take02_v65.wav",
				"StringFilterLab/Samples/Pianoteq 9/SingleNoteSamples/Split/v65/F7_take02_v65.wav",
				"StringFilterLab/Samples/Pianoteq 9/SingleNoteSamples/Split/v65/Fs1_take02_v65.wav",
				"StringFilterLab/Samples/Pianoteq 9/SingleNoteSamples/Split/v65/Fs2_take02_v65.wav",
				"StringFilterLab/Samples/Pianoteq 9/SingleNoteSamples/Split/v65/Fs3_take02_v65.wav",
				"StringFilterLab/Samples/Pianoteq 9/SingleNoteSamples/Split/v65/Fs4_take02_v65.wav",
				"StringFilterLab/Samples/Pianoteq 9/SingleNoteSamples/Split/v65/Fs5_take02_v65.wav",
				"StringFilterLab/Samples/Pianoteq 9/SingleNoteSamples/Split/v65/Fs6_take02_v65.wav",
				"StringFilterLab/Samples/Pianoteq 9/SingleNoteSamples/Split/v65/Fs7_take02_v65.wav",
				"StringFilterLab/Samples/Pianoteq 9/SingleNoteSamples/Split/v65/G1_take02_v65.wav",
				"StringFilterLab/Samples/Pianoteq 9/SingleNoteSamples/Split/v65/G2_take02_v65.wav",
				"StringFilterLab/Samples/Pianoteq 9/SingleNoteSamples/Split/v65/G3_take02_v65.wav",
				"StringFilterLab/Samples/Pianoteq 9/SingleNoteSamples/Split/v65/G4_take02_v65.wav",
				"StringFilterLab/Samples/Pianoteq 9/SingleNoteSamples/Split/v65/G5_take02_v65.wav",
				"StringFilterLab/Samples/Pianoteq 9/SingleNoteSamples/Split/v65/G6_take02_v65.wav",
				"StringFilterLab/Samples/Pianoteq 9/SingleNoteSamples/Split/v65/G7_take02_v65.wav",
				"StringFilterLab/Samples/Pianoteq 9/SingleNoteSamples/Split/v65/Gs1_take02_v65.wav",
				"StringFilterLab/Samples/Pianoteq 9/SingleNoteSamples/Split/v65/Gs2_take02_v65.wav",
				"StringFilterLab/Samples/Pianoteq 9/SingleNoteSamples/Split/v65/Gs3_take02_v65.wav",
				"StringFilterLab/Samples/Pianoteq 9/SingleNoteSamples/Split/v65/Gs4_take02_v65.wav",
				"StringFilterLab/Samples/Pianoteq 9/SingleNoteSamples/Split/v65/Gs5_take02_v65.wav",
				"StringFilterLab/Samples/Pianoteq 9/SingleNoteSamples/Split/v65/Gs6_take02_v65.wav",
				"StringFilterLab/Samples/Pianoteq 9/SingleNoteSamples/Split/v65/Gs7_take02_v65.wav",
				"StringFilterLab/Samples/Pianoteq 9/SingleNoteSamples/Split/v80/A0_take03_v80.wav",
				"StringFilterLab/Samples/Pianoteq 9/SingleNoteSamples/Split/v80/A1_take03_v80.wav",
				"StringFilterLab/Samples/Pianoteq 9/SingleNoteSamples/Split/v80/A2_take03_v80.wav",
				"StringFilterLab/Samples/Pianoteq 9/SingleNoteSamples/Split/v80/A3_take03_v80.wav",
				"StringFilterLab/Samples/Pianoteq 9/SingleNoteSamples/Split/v80/A4_take03_v80.wav",
				"StringFilterLab/Samples/Pianoteq 9/SingleNoteSamples/Split/v80/A5_take03_v80.wav",
				"StringFilterLab/Samples/Pianoteq 9/SingleNoteSamples/Split/v80/A6_take03_v80.wav",
				"StringFilterLab/Samples/Pianoteq 9/SingleNoteSamples/Split/v80/A7_take03_v80.wav",
				"StringFilterLab/Samples/Pianoteq 9/SingleNoteSamples/Split/v80/As0_take03_v80.wav",
				"StringFilterLab/Samples/Pianoteq 9/SingleNoteSamples/Split/v80/As1_take03_v80.wav",
				"StringFilterLab/Samples/Pianoteq 9/SingleNoteSamples/Split/v80/As2_take03_v80.wav",
				"StringFilterLab/Samples/Pianoteq 9/SingleNoteSamples/Split/v80/As3_take03_v80.wav",
				"StringFilterLab/Samples/Pianoteq 9/SingleNoteSamples/Split/v80/As4_take03_v80.wav",
				"StringFilterLab/Samples/Pianoteq 9/SingleNoteSamples/Split/v80/As5_take03_v80.wav",
				"StringFilterLab/Samples/Pianoteq 9/SingleNoteSamples/Split/v80/As6_take03_v80.wav",
				"StringFilterLab/Samples/Pianoteq 9/SingleNoteSamples/Split/v80/As7_take03_v80.wav",
				"StringFilterLab/Samples/Pianoteq 9/SingleNoteSamples/Split/v80/B0_take03_v80.wav",
				"StringFilterLab/Samples/Pianoteq 9/SingleNoteSamples/Split/v80/B1_take03_v80.wav",
				"StringFilterLab/Samples/Pianoteq 9/SingleNoteSamples/Split/v80/B2_take03_v80.wav",
				"StringFilterLab/Samples/Pianoteq 9/SingleNoteSamples/Split/v80/B3_take03_v80.wav",
				"StringFilterLab/Samples/Pianoteq 9/SingleNoteSamples/Split/v80/B4_take03_v80.wav",
				"StringFilterLab/Samples/Pianoteq 9/SingleNoteSamples/Split/v80/B5_take03_v80.wav",
				"StringFilterLab/Samples/Pianoteq 9/SingleNoteSamples/Split/v80/B6_take03_v80.wav",
				"StringFilterLab/Samples/Pianoteq 9/SingleNoteSamples/Split/v80/B7_take03_v80.wav",
				"StringFilterLab/Samples/Pianoteq 9/SingleNoteSamples/Split/v80/C1_take03_v80.wav",
				"StringFilterLab/Samples/Pianoteq 9/SingleNoteSamples/Split/v80/C2_take03_v80.wav",
				"StringFilterLab/Samples/Pianoteq 9/SingleNoteSamples/Split/v80/C3_take03_v80.wav",
				"StringFilterLab/Samples/Pianoteq 9/SingleNoteSamples/Split/v80/C4_take03_v80.wav",
				"StringFilterLab/Samples/Pianoteq 9/SingleNoteSamples/Split/v80/C5_take03_v80.wav",
				"StringFilterLab/Samples/Pianoteq 9/SingleNoteSamples/Split/v80/C6_take03_v80.wav",
				"StringFilterLab/Samples/Pianoteq 9/SingleNoteSamples/Split/v80/C7_take03_v80.wav",
				"StringFilterLab/Samples/Pianoteq 9/SingleNoteSamples/Split/v80/C8_take03_v80.wav",
				"StringFilterLab/Samples/Pianoteq 9/SingleNoteSamples/Split/v80/Cs1_take03_v80.wav",
				"StringFilterLab/Samples/Pianoteq 9/SingleNoteSamples/Split/v80/Cs2_take03_v80.wav",
				"StringFilterLab/Samples/Pianoteq 9/SingleNoteSamples/Split/v80/Cs3_take03_v80.wav",
				"StringFilterLab/Samples/Pianoteq 9/SingleNoteSamples/Split/v80/Cs4_take03_v80.wav",
				"StringFilterLab/Samples/Pianoteq 9/SingleNoteSamples/Split/v80/Cs5_take03_v80.wav",
				"StringFilterLab/Samples/Pianoteq 9/SingleNoteSamples/Split/v80/Cs6_take03_v80.wav",
				"StringFilterLab/Samples/Pianoteq 9/SingleNoteSamples/Split/v80/Cs7_take03_v80.wav",
				"StringFilterLab/Samples/Pianoteq 9/SingleNoteSamples/Split/v80/D1_take03_v80.wav",
				"StringFilterLab/Samples/Pianoteq 9/SingleNoteSamples/Split/v80/D2_take03_v80.wav",
				"StringFilterLab/Samples/Pianoteq 9/SingleNoteSamples/Split/v80/D3_take03_v80.wav",
				"StringFilterLab/Samples/Pianoteq 9/SingleNoteSamples/Split/v80/D4_take03_v80.wav",
				"StringFilterLab/Samples/Pianoteq 9/SingleNoteSamples/Split/v80/D5_take03_v80.wav",
				"StringFilterLab/Samples/Pianoteq 9/SingleNoteSamples/Split/v80/D6_take03_v80.wav",
				"StringFilterLab/Samples/Pianoteq 9/SingleNoteSamples/Split/v80/D7_take03_v80.wav",
				"StringFilterLab/Samples/Pianoteq 9/SingleNoteSamples/Split/v80/Ds1_take03_v80.wav",
				"StringFilterLab/Samples/Pianoteq 9/SingleNoteSamples/Split/v80/Ds2_take03_v80.wav",
				"StringFilterLab/Samples/Pianoteq 9/SingleNoteSamples/Split/v80/Ds3_take03_v80.wav",
				"StringFilterLab/Samples/Pianoteq 9/SingleNoteSamples/Split/v80/Ds4_take03_v80.wav",
				"StringFilterLab/Samples/Pianoteq 9/SingleNoteSamples/Split/v80/Ds5_take03_v80.wav",
				"StringFilterLab/Samples/Pianoteq 9/SingleNoteSamples/Split/v80/Ds6_take03_v80.wav",
				"StringFilterLab/Samples/Pianoteq 9/SingleNoteSamples/Split/v80/Ds7_take03_v80.wav",
				"StringFilterLab/Samples/Pianoteq 9/SingleNoteSamples/Split/v80/E1_take03_v80.wav",
				"StringFilterLab/Samples/Pianoteq 9/SingleNoteSamples/Split/v80/E2_take03_v80.wav",
				"StringFilterLab/Samples/Pianoteq 9/SingleNoteSamples/Split/v80/E3_take03_v80.wav",
				"StringFilterLab/Samples/Pianoteq 9/SingleNoteSamples/Split/v80/E4_take03_v80.wav",
				"StringFilterLab/Samples/Pianoteq 9/SingleNoteSamples/Split/v80/E5_take03_v80.wav",
				"StringFilterLab/Samples/Pianoteq 9/SingleNoteSamples/Split/v80/E6_take03_v80.wav",
				"StringFilterLab/Samples/Pianoteq 9/SingleNoteSamples/Split/v80/E7_take03_v80.wav",
				"StringFilterLab/Samples/Pianoteq 9/SingleNoteSamples/Split/v80/F1_take03_v80.wav",
				"StringFilterLab/Samples/Pianoteq 9/SingleNoteSamples/Split/v80/F2_take03_v80.wav",
				"StringFilterLab/Samples/Pianoteq 9/SingleNoteSamples/Split/v80/F3_take03_v80.wav",
				"StringFilterLab/Samples/Pianoteq 9/SingleNoteSamples/Split/v80/F4_take03_v80.wav",
				"StringFilterLab/Samples/Pianoteq 9/SingleNoteSamples/Split/v80/F5_take03_v80.wav",
				"StringFilterLab/Samples/Pianoteq 9/SingleNoteSamples/Split/v80/F6_take03_v80.wav",
				"StringFilterLab/Samples/Pianoteq 9/SingleNoteSamples/Split/v80/F7_take03_v80.wav",
				"StringFilterLab/Samples/Pianoteq 9/SingleNoteSamples/Split/v80/Fs1_take03_v80.wav",
				"StringFilterLab/Samples/Pianoteq 9/SingleNoteSamples/Split/v80/Fs2_take03_v80.wav",
				"StringFilterLab/Samples/Pianoteq 9/SingleNoteSamples/Split/v80/Fs3_take03_v80.wav",
				"StringFilterLab/Samples/Pianoteq 9/SingleNoteSamples/Split/v80/Fs4_take03_v80.wav",
				"StringFilterLab/Samples/Pianoteq 9/SingleNoteSamples/Split/v80/Fs5_take03_v80.wav",
				"StringFilterLab/Samples/Pianoteq 9/SingleNoteSamples/Split/v80/Fs6_take03_v80.wav",
				"StringFilterLab/Samples/Pianoteq 9/SingleNoteSamples/Split/v80/Fs7_take03_v80.wav",
				"StringFilterLab/Samples/Pianoteq 9/SingleNoteSamples/Split/v80/G1_take03_v80.wav",
				"StringFilterLab/Samples/Pianoteq 9/SingleNoteSamples/Split/v80/G2_take03_v80.wav",
				"StringFilterLab/Samples/Pianoteq 9/SingleNoteSamples/Split/v80/G3_take03_v80.wav",
				"StringFilterLab/Samples/Pianoteq 9/SingleNoteSamples/Split/v80/G4_take03_v80.wav",
				"StringFilterLab/Samples/Pianoteq 9/SingleNoteSamples/Split/v80/G5_take03_v80.wav",
				"StringFilterLab/Samples/Pianoteq 9/SingleNoteSamples/Split/v80/G6_take03_v80.wav",
				"StringFilterLab/Samples/Pianoteq 9/SingleNoteSamples/Split/v80/G7_take03_v80.wav",
				"StringFilterLab/Samples/Pianoteq 9/SingleNoteSamples/Split/v80/Gs1_take03_v80.wav",
				"StringFilterLab/Samples/Pianoteq 9/SingleNoteSamples/Split/v80/Gs2_take03_v80.wav",
				"StringFilterLab/Samples/Pianoteq 9/SingleNoteSamples/Split/v80/Gs3_take03_v80.wav",
				"StringFilterLab/Samples/Pianoteq 9/SingleNoteSamples/Split/v80/Gs4_take03_v80.wav",
				"StringFilterLab/Samples/Pianoteq 9/SingleNoteSamples/Split/v80/Gs5_take03_v80.wav",
				"StringFilterLab/Samples/Pianoteq 9/SingleNoteSamples/Split/v80/Gs6_take03_v80.wav",
				"StringFilterLab/Samples/Pianoteq 9/SingleNoteSamples/Split/v80/Gs7_take03_v80.wav",
				"StringFilterLab/Samples/Pianoteq 9/SingleNoteSamples/Split/v95/A0_take04_v95.wav",
				"StringFilterLab/Samples/Pianoteq 9/SingleNoteSamples/Split/v95/A1_take04_v95.wav",
				"StringFilterLab/Samples/Pianoteq 9/SingleNoteSamples/Split/v95/A2_take04_v95.wav",
				"StringFilterLab/Samples/Pianoteq 9/SingleNoteSamples/Split/v95/A3_take04_v95.wav",
				"StringFilterLab/Samples/Pianoteq 9/SingleNoteSamples/Split/v95/A4_take04_v95.wav",
				"StringFilterLab/Samples/Pianoteq 9/SingleNoteSamples/Split/v95/A5_take04_v95.wav",
				"StringFilterLab/Samples/Pianoteq 9/SingleNoteSamples/Split/v95/A6_take04_v95.wav",
				"StringFilterLab/Samples/Pianoteq 9/SingleNoteSamples/Split/v95/A7_take04_v95.wav",
				"StringFilterLab/Samples/Pianoteq 9/SingleNoteSamples/Split/v95/As0_take04_v95.wav",
				"StringFilterLab/Samples/Pianoteq 9/SingleNoteSamples/Split/v95/As1_take04_v95.wav",
				"StringFilterLab/Samples/Pianoteq 9/SingleNoteSamples/Split/v95/As2_take04_v95.wav",
				"StringFilterLab/Samples/Pianoteq 9/SingleNoteSamples/Split/v95/As3_take04_v95.wav",
				"StringFilterLab/Samples/Pianoteq 9/SingleNoteSamples/Split/v95/As4_take04_v95.wav",
				"StringFilterLab/Samples/Pianoteq 9/SingleNoteSamples/Split/v95/As5_take04_v95.wav",
				"StringFilterLab/Samples/Pianoteq 9/SingleNoteSamples/Split/v95/As6_take04_v95.wav",
				"StringFilterLab/Samples/Pianoteq 9/SingleNoteSamples/Split/v95/As7_take04_v95.wav",
				"StringFilterLab/Samples/Pianoteq 9/SingleNoteSamples/Split/v95/B0_take04_v95.wav",
				"StringFilterLab/Samples/Pianoteq 9/SingleNoteSamples/Split/v95/B1_take04_v95.wav",
				"StringFilterLab/Samples/Pianoteq 9/SingleNoteSamples/Split/v95/B2_take04_v95.wav",
				"StringFilterLab/Samples/Pianoteq 9/SingleNoteSamples/Split/v95/B3_take04_v95.wav",
				"StringFilterLab/Samples/Pianoteq 9/SingleNoteSamples/Split/v95/B4_take04_v95.wav",
				"StringFilterLab/Samples/Pianoteq 9/SingleNoteSamples/Split/v95/B5_take04_v95.wav",
				"StringFilterLab/Samples/Pianoteq 9/SingleNoteSamples/Split/v95/B6_take04_v95.wav",
				"StringFilterLab/Samples/Pianoteq 9/SingleNoteSamples/Split/v95/B7_take04_v95.wav",
				"StringFilterLab/Samples/Pianoteq 9/SingleNoteSamples/Split/v95/C1_take04_v95.wav",
				"StringFilterLab/Samples/Pianoteq 9/SingleNoteSamples/Split/v95/C2_take04_v95.wav",
				"StringFilterLab/Samples/Pianoteq 9/SingleNoteSamples/Split/v95/C3_take04_v95.wav",
				"StringFilterLab/Samples/Pianoteq 9/SingleNoteSamples/Split/v95/C4_take04_v95.wav",
				"StringFilterLab/Samples/Pianoteq 9/SingleNoteSamples/Split/v95/C5_take04_v95.wav",
				"StringFilterLab/Samples/Pianoteq 9/SingleNoteSamples/Split/v95/C6_take04_v95.wav",
				"StringFilterLab/Samples/Pianoteq 9/SingleNoteSamples/Split/v95/C7_take04_v95.wav",
				"StringFilterLab/Samples/Pianoteq 9/SingleNoteSamples/Split/v95/C8_take04_v95.wav",
				"StringFilterLab/Samples/Pianoteq 9/SingleNoteSamples/Split/v95/Cs1_take04_v95.wav",
				"StringFilterLab/Samples/Pianoteq 9/SingleNoteSamples/Split/v95/Cs2_take04_v95.wav",
				"StringFilterLab/Samples/Pianoteq 9/SingleNoteSamples/Split/v95/Cs3_take04_v95.wav",
				"StringFilterLab/Samples/Pianoteq 9/SingleNoteSamples/Split/v95/Cs4_take04_v95.wav",
				"StringFilterLab/Samples/Pianoteq 9/SingleNoteSamples/Split/v95/Cs5_take04_v95.wav",
				"StringFilterLab/Samples/Pianoteq 9/SingleNoteSamples/Split/v95/Cs6_take04_v95.wav",
				"StringFilterLab/Samples/Pianoteq 9/SingleNoteSamples/Split/v95/Cs7_take04_v95.wav",
				"StringFilterLab/Samples/Pianoteq 9/SingleNoteSamples/Split/v95/D1_take04_v95.wav",
				"StringFilterLab/Samples/Pianoteq 9/SingleNoteSamples/Split/v95/D2_take04_v95.wav",
				"StringFilterLab/Samples/Pianoteq 9/SingleNoteSamples/Split/v95/D3_take04_v95.wav",
				"StringFilterLab/Samples/Pianoteq 9/SingleNoteSamples/Split/v95/D4_take04_v95.wav",
				"StringFilterLab/Samples/Pianoteq 9/SingleNoteSamples/Split/v95/D5_take04_v95.wav",
				"StringFilterLab/Samples/Pianoteq 9/SingleNoteSamples/Split/v95/D6_take04_v95.wav",
				"StringFilterLab/Samples/Pianoteq 9/SingleNoteSamples/Split/v95/D7_take04_v95.wav",
				"StringFilterLab/Samples/Pianoteq 9/SingleNoteSamples/Split/v95/Ds1_take04_v95.wav",
				"StringFilterLab/Samples/Pianoteq 9/SingleNoteSamples/Split/v95/Ds2_take04_v95.wav",
				"StringFilterLab/Samples/Pianoteq 9/SingleNoteSamples/Split/v95/Ds3_take04_v95.wav",
				"StringFilterLab/Samples/Pianoteq 9/SingleNoteSamples/Split/v95/Ds4_take04_v95.wav",
				"StringFilterLab/Samples/Pianoteq 9/SingleNoteSamples/Split/v95/Ds5_take04_v95.wav",
				"StringFilterLab/Samples/Pianoteq 9/SingleNoteSamples/Split/v95/Ds6_take04_v95.wav",
				"StringFilterLab/Samples/Pianoteq 9/SingleNoteSamples/Split/v95/Ds7_take04_v95.wav",
				"StringFilterLab/Samples/Pianoteq 9/SingleNoteSamples/Split/v95/E1_take04_v95.wav",
				"StringFilterLab/Samples/Pianoteq 9/SingleNoteSamples/Split/v95/E2_take04_v95.wav",
				"StringFilterLab/Samples/Pianoteq 9/SingleNoteSamples/Split/v95/E3_take04_v95.wav",
				"StringFilterLab/Samples/Pianoteq 9/SingleNoteSamples/Split/v95/E4_take04_v95.wav",
				"StringFilterLab/Samples/Pianoteq 9/SingleNoteSamples/Split/v95/E5_take04_v95.wav",
				"StringFilterLab/Samples/Pianoteq 9/SingleNoteSamples/Split/v95/E6_take04_v95.wav",
				"StringFilterLab/Samples/Pianoteq 9/SingleNoteSamples/Split/v95/E7_take04_v95.wav",
				"StringFilterLab/Samples/Pianoteq 9/SingleNoteSamples/Split/v95/F1_take04_v95.wav",
				"StringFilterLab/Samples/Pianoteq 9/SingleNoteSamples/Split/v95/F2_take04_v95.wav",
				"StringFilterLab/Samples/Pianoteq 9/SingleNoteSamples/Split/v95/F3_take04_v95.wav",
				"StringFilterLab/Samples/Pianoteq 9/SingleNoteSamples/Split/v95/F4_take04_v95.wav",
				"StringFilterLab/Samples/Pianoteq 9/SingleNoteSamples/Split/v95/F5_take04_v95.wav",
				"StringFilterLab/Samples/Pianoteq 9/SingleNoteSamples/Split/v95/F6_take04_v95.wav",
				"StringFilterLab/Samples/Pianoteq 9/SingleNoteSamples/Split/v95/F7_take04_v95.wav",
				"StringFilterLab/Samples/Pianoteq 9/SingleNoteSamples/Split/v95/Fs1_take04_v95.wav",
				"StringFilterLab/Samples/Pianoteq 9/SingleNoteSamples/Split/v95/Fs2_take04_v95.wav",
				"StringFilterLab/Samples/Pianoteq 9/SingleNoteSamples/Split/v95/Fs3_take04_v95.wav",
				"StringFilterLab/Samples/Pianoteq 9/SingleNoteSamples/Split/v95/Fs4_take04_v95.wav",
				"StringFilterLab/Samples/Pianoteq 9/SingleNoteSamples/Split/v95/Fs5_take04_v95.wav",
				"StringFilterLab/Samples/Pianoteq 9/SingleNoteSamples/Split/v95/Fs6_take04_v95.wav",
				"StringFilterLab/Samples/Pianoteq 9/SingleNoteSamples/Split/v95/Fs7_take04_v95.wav",
				"StringFilterLab/Samples/Pianoteq 9/SingleNoteSamples/Split/v95/G1_take04_v95.wav",
				"StringFilterLab/Samples/Pianoteq 9/SingleNoteSamples/Split/v95/G2_take04_v95.wav",
				"StringFilterLab/Samples/Pianoteq 9/SingleNoteSamples/Split/v95/G3_take04_v95.wav",
				"StringFilterLab/Samples/Pianoteq 9/SingleNoteSamples/Split/v95/G4_take04_v95.wav",
				"StringFilterLab/Samples/Pianoteq 9/SingleNoteSamples/Split/v95/G5_take04_v95.wav",
				"StringFilterLab/Samples/Pianoteq 9/SingleNoteSamples/Split/v95/G6_take04_v95.wav",
				"StringFilterLab/Samples/Pianoteq 9/SingleNoteSamples/Split/v95/G7_take04_v95.wav",
				"StringFilterLab/Samples/Pianoteq 9/SingleNoteSamples/Split/v95/Gs1_take04_v95.wav",
				"StringFilterLab/Samples/Pianoteq 9/SingleNoteSamples/Split/v95/Gs2_take04_v95.wav",
				"StringFilterLab/Samples/Pianoteq 9/SingleNoteSamples/Split/v95/Gs3_take04_v95.wav",
				"StringFilterLab/Samples/Pianoteq 9/SingleNoteSamples/Split/v95/Gs4_take04_v95.wav",
				"StringFilterLab/Samples/Pianoteq 9/SingleNoteSamples/Split/v95/Gs5_take04_v95.wav",
				"StringFilterLab/Samples/Pianoteq 9/SingleNoteSamples/Split/v95/Gs6_take04_v95.wav",
				"StringFilterLab/Samples/Pianoteq 9/SingleNoteSamples/Split/v95/Gs7_take04_v95.wav",
				"StringFilterLab/Samples/Pianoteq 9/SingleNoteSamples/Split/v110/A0_take05_v110.wav",
				"StringFilterLab/Samples/Pianoteq 9/SingleNoteSamples/Split/v110/A1_take05_v110.wav",
				"StringFilterLab/Samples/Pianoteq 9/SingleNoteSamples/Split/v110/A2_take05_v110.wav",
				"StringFilterLab/Samples/Pianoteq 9/SingleNoteSamples/Split/v110/A3_take05_v110.wav",
				"StringFilterLab/Samples/Pianoteq 9/SingleNoteSamples/Split/v110/A4_take05_v110.wav",
				"StringFilterLab/Samples/Pianoteq 9/SingleNoteSamples/Split/v110/A5_take05_v110.wav",
				"StringFilterLab/Samples/Pianoteq 9/SingleNoteSamples/Split/v110/A6_take05_v110.wav",
				"StringFilterLab/Samples/Pianoteq 9/SingleNoteSamples/Split/v110/A7_take05_v110.wav",
				"StringFilterLab/Samples/Pianoteq 9/SingleNoteSamples/Split/v110/As0_take05_v110.wav",
				"StringFilterLab/Samples/Pianoteq 9/SingleNoteSamples/Split/v110/As1_take05_v110.wav",
				"StringFilterLab/Samples/Pianoteq 9/SingleNoteSamples/Split/v110/As2_take05_v110.wav",
				"StringFilterLab/Samples/Pianoteq 9/SingleNoteSamples/Split/v110/As3_take05_v110.wav",
				"StringFilterLab/Samples/Pianoteq 9/SingleNoteSamples/Split/v110/As4_take05_v110.wav",
				"StringFilterLab/Samples/Pianoteq 9/SingleNoteSamples/Split/v110/As5_take05_v110.wav",
				"StringFilterLab/Samples/Pianoteq 9/SingleNoteSamples/Split/v110/As6_take05_v110.wav",
				"StringFilterLab/Samples/Pianoteq 9/SingleNoteSamples/Split/v110/As7_take05_v110.wav",
				"StringFilterLab/Samples/Pianoteq 9/SingleNoteSamples/Split/v110/B0_take05_v110.wav",
				"StringFilterLab/Samples/Pianoteq 9/SingleNoteSamples/Split/v110/B1_take05_v110.wav",
				"StringFilterLab/Samples/Pianoteq 9/SingleNoteSamples/Split/v110/B2_take05_v110.wav",
				"StringFilterLab/Samples/Pianoteq 9/SingleNoteSamples/Split/v110/B3_take05_v110.wav",
				"StringFilterLab/Samples/Pianoteq 9/SingleNoteSamples/Split/v110/B4_take05_v110.wav",
				"StringFilterLab/Samples/Pianoteq 9/SingleNoteSamples/Split/v110/B5_take05_v110.wav",
				"StringFilterLab/Samples/Pianoteq 9/SingleNoteSamples/Split/v110/B6_take05_v110.wav",
				"StringFilterLab/Samples/Pianoteq 9/SingleNoteSamples/Split/v110/B7_take05_v110.wav",
				"StringFilterLab/Samples/Pianoteq 9/SingleNoteSamples/Split/v110/C1_take05_v110.wav",
				"StringFilterLab/Samples/Pianoteq 9/SingleNoteSamples/Split/v110/C2_take05_v110.wav",
				"StringFilterLab/Samples/Pianoteq 9/SingleNoteSamples/Split/v110/C3_take05_v110.wav",
				"StringFilterLab/Samples/Pianoteq 9/SingleNoteSamples/Split/v110/C4_take05_v110.wav",
				"StringFilterLab/Samples/Pianoteq 9/SingleNoteSamples/Split/v110/C5_take05_v110.wav",
				"StringFilterLab/Samples/Pianoteq 9/SingleNoteSamples/Split/v110/C6_take05_v110.wav",
				"StringFilterLab/Samples/Pianoteq 9/SingleNoteSamples/Split/v110/C7_take05_v110.wav",
				"StringFilterLab/Samples/Pianoteq 9/SingleNoteSamples/Split/v110/C8_take05_v110.wav",
				"StringFilterLab/Samples/Pianoteq 9/SingleNoteSamples/Split/v110/Cs1_take05_v110.wav",
				"StringFilterLab/Samples/Pianoteq 9/SingleNoteSamples/Split/v110/Cs2_take05_v110.wav",
				"StringFilterLab/Samples/Pianoteq 9/SingleNoteSamples/Split/v110/Cs3_take05_v110.wav",
				"StringFilterLab/Samples/Pianoteq 9/SingleNoteSamples/Split/v110/Cs4_take05_v110.wav",
				"StringFilterLab/Samples/Pianoteq 9/SingleNoteSamples/Split/v110/Cs5_take05_v110.wav",
				"StringFilterLab/Samples/Pianoteq 9/SingleNoteSamples/Split/v110/Cs6_take05_v110.wav",
				"StringFilterLab/Samples/Pianoteq 9/SingleNoteSamples/Split/v110/Cs7_take05_v110.wav",
				"StringFilterLab/Samples/Pianoteq 9/SingleNoteSamples/Split/v110/D1_take05_v110.wav",
				"StringFilterLab/Samples/Pianoteq 9/SingleNoteSamples/Split/v110/D2_take05_v110.wav",
				"StringFilterLab/Samples/Pianoteq 9/SingleNoteSamples/Split/v110/D3_take05_v110.wav",
				"StringFilterLab/Samples/Pianoteq 9/SingleNoteSamples/Split/v110/D4_take05_v110.wav",
				"StringFilterLab/Samples/Pianoteq 9/SingleNoteSamples/Split/v110/D5_take05_v110.wav",
				"StringFilterLab/Samples/Pianoteq 9/SingleNoteSamples/Split/v110/D6_take05_v110.wav",
				"StringFilterLab/Samples/Pianoteq 9/SingleNoteSamples/Split/v110/D7_take05_v110.wav",
				"StringFilterLab/Samples/Pianoteq 9/SingleNoteSamples/Split/v110/Ds1_take05_v110.wav",
				"StringFilterLab/Samples/Pianoteq 9/SingleNoteSamples/Split/v110/Ds2_take05_v110.wav",
				"StringFilterLab/Samples/Pianoteq 9/SingleNoteSamples/Split/v110/Ds3_take05_v110.wav",
				"StringFilterLab/Samples/Pianoteq 9/SingleNoteSamples/Split/v110/Ds4_take05_v110.wav",
				"StringFilterLab/Samples/Pianoteq 9/SingleNoteSamples/Split/v110/Ds5_take05_v110.wav",
				"StringFilterLab/Samples/Pianoteq 9/SingleNoteSamples/Split/v110/Ds6_take05_v110.wav",
				"StringFilterLab/Samples/Pianoteq 9/SingleNoteSamples/Split/v110/Ds7_take05_v110.wav",
				"StringFilterLab/Samples/Pianoteq 9/SingleNoteSamples/Split/v110/E1_take05_v110.wav",
				"StringFilterLab/Samples/Pianoteq 9/SingleNoteSamples/Split/v110/E2_take05_v110.wav",
				"StringFilterLab/Samples/Pianoteq 9/SingleNoteSamples/Split/v110/E3_take05_v110.wav",
				"StringFilterLab/Samples/Pianoteq 9/SingleNoteSamples/Split/v110/E4_take05_v110.wav",
				"StringFilterLab/Samples/Pianoteq 9/SingleNoteSamples/Split/v110/E5_take05_v110.wav",
				"StringFilterLab/Samples/Pianoteq 9/SingleNoteSamples/Split/v110/E6_take05_v110.wav",
				"StringFilterLab/Samples/Pianoteq 9/SingleNoteSamples/Split/v110/E7_take05_v110.wav",
				"StringFilterLab/Samples/Pianoteq 9/SingleNoteSamples/Split/v110/F1_take05_v110.wav",
				"StringFilterLab/Samples/Pianoteq 9/SingleNoteSamples/Split/v110/F2_take05_v110.wav",
				"StringFilterLab/Samples/Pianoteq 9/SingleNoteSamples/Split/v110/F3_take05_v110.wav",
				"StringFilterLab/Samples/Pianoteq 9/SingleNoteSamples/Split/v110/F4_take05_v110.wav",
				"StringFilterLab/Samples/Pianoteq 9/SingleNoteSamples/Split/v110/F5_take05_v110.wav",
				"StringFilterLab/Samples/Pianoteq 9/SingleNoteSamples/Split/v110/F6_take05_v110.wav",
				"StringFilterLab/Samples/Pianoteq 9/SingleNoteSamples/Split/v110/F7_take05_v110.wav",
				"StringFilterLab/Samples/Pianoteq 9/SingleNoteSamples/Split/v110/Fs1_take05_v110.wav",
				"StringFilterLab/Samples/Pianoteq 9/SingleNoteSamples/Split/v110/Fs2_take05_v110.wav",
				"StringFilterLab/Samples/Pianoteq 9/SingleNoteSamples/Split/v110/Fs3_take05_v110.wav",
				"StringFilterLab/Samples/Pianoteq 9/SingleNoteSamples/Split/v110/Fs4_take05_v110.wav",
				"StringFilterLab/Samples/Pianoteq 9/SingleNoteSamples/Split/v110/Fs5_take05_v110.wav",
				"StringFilterLab/Samples/Pianoteq 9/SingleNoteSamples/Split/v110/Fs6_take05_v110.wav",
				"StringFilterLab/Samples/Pianoteq 9/SingleNoteSamples/Split/v110/Fs7_take05_v110.wav",
				"StringFilterLab/Samples/Pianoteq 9/SingleNoteSamples/Split/v110/G1_take05_v110.wav",
				"StringFilterLab/Samples/Pianoteq 9/SingleNoteSamples/Split/v110/G2_take05_v110.wav",
				"StringFilterLab/Samples/Pianoteq 9/SingleNoteSamples/Split/v110/G3_take05_v110.wav",
				"StringFilterLab/Samples/Pianoteq 9/SingleNoteSamples/Split/v110/G4_take05_v110.wav",
				"StringFilterLab/Samples/Pianoteq 9/SingleNoteSamples/Split/v110/G5_take05_v110.wav",
				"StringFilterLab/Samples/Pianoteq 9/SingleNoteSamples/Split/v110/G6_take05_v110.wav",
				"StringFilterLab/Samples/Pianoteq 9/SingleNoteSamples/Split/v110/G7_take05_v110.wav",
				"StringFilterLab/Samples/Pianoteq 9/SingleNoteSamples/Split/v110/Gs1_take05_v110.wav",
				"StringFilterLab/Samples/Pianoteq 9/SingleNoteSamples/Split/v110/Gs2_take05_v110.wav",
				"StringFilterLab/Samples/Pianoteq 9/SingleNoteSamples/Split/v110/Gs3_take05_v110.wav",
				"StringFilterLab/Samples/Pianoteq 9/SingleNoteSamples/Split/v110/Gs4_take05_v110.wav",
				"StringFilterLab/Samples/Pianoteq 9/SingleNoteSamples/Split/v110/Gs5_take05_v110.wav",
				"StringFilterLab/Samples/Pianoteq 9/SingleNoteSamples/Split/v110/Gs6_take05_v110.wav",
				"StringFilterLab/Samples/Pianoteq 9/SingleNoteSamples/Split/v110/Gs7_take05_v110.wav",
			);
			target = 14E708352F78BE0C005C806C /* bBpiano */;
		};
		144E33982FB7448C00DA9F38 /* Exceptions for "App" folder in "bBpiano" target */ = {
			isa = PBXFileSystemSynchronizedBuildFileExceptionSet;
			membershipExceptions = (
				"Fancy's playground/Interaction View/AftertouchView.swift",
				"Fancy's playground/Interaction View/MainEditorView.swift",
				"Fancy's playground/Interaction View/NoteOffView.swift",
				"Fancy's playground/Interaction View/PedalCurveView.swift",
				"Fancy's playground/Interaction View/SharedComponents.swift",
				"Fancy's playground/Interaction View/VelocityView.swift",
			);
			target = 14E708352F78BE0C005C806C /* bBpiano */;
		};
		146587D52FA42C9E009F5C08 /* Exceptions for "Doc" folder in "bBpiano" target */ = {
			isa = PBXFileSystemSynchronizedBuildFileExceptionSet;
			membershipExceptions = (
				assets/bBpiano.png,
			);
			target = 14E708352F78BE0C005C806C /* bBpiano */;
		};
/* End PBXFileSystemSynchronizedBuildFileExceptionSet section */

/* Begin PBXFileSystemSynchronizedRootGroup section */
		14E708382F78BE0C005C806C /* App */ = {
			isa = PBXFileSystemSynchronizedRootGroup;
			exceptions = (
				144E33982FB7448C00DA9F38 /* Exceptions for "App" folder in "bBpiano" target */,
			);
			path = App;
			sourceTree = "<group>";
		};
		14E7092E2F7D43C4005C806C /* Doc */ = {
			isa = PBXFileSystemSynchronizedRootGroup;
			exceptions = (
				146587D52FA42C9E009F5C08 /* Exceptions for "Doc" folder in "bBpiano" target */,
			);
			path = Doc;
			sourceTree = "<group>";
		};
		14E709AA2F7E3F01005C806C /* Core */ = {
			isa = PBXFileSystemSynchronizedRootGroup;
			path = Core;
			sourceTree = "<group>";
		};
		14FD02262FB889F3000D46DC /* AcousticLab */ = {
			isa = PBXFileSystemSynchronizedRootGroup;
			exceptions = (
				1422913B2FB9F47A00EAAE7F /* Exceptions for "AcousticLab" folder in "bBpiano" target */,
			);
			path = AcousticLab;
			sourceTree = "<group>";
		};
		14FD022F2FB88D2E000D46DC /* External */ = {
			isa = PBXFileSystemSynchronizedRootGroup;
			path = External;
			sourceTree = "<group>";
		};
/* End PBXFileSystemSynchronizedRootGroup section */

/* Begin PBXFrameworksBuildPhase section */
		14E708332F78BE0C005C806C /* Frameworks */ = {
			isa = PBXFrameworksBuildPhase;
			files = (
			);
		};
/* End PBXFrameworksBuildPhase section */

/* Begin PBXGroup section */
		14E7082D2F78BE0C005C806C = {
			isa = PBXGroup;
			children = (
				14FD022F2FB88D2E000D46DC /* External */,
				14FD02262FB889F3000D46DC /* AcousticLab */,
				146587D62FA42DAF009F5C08 /* README.md */,
				14E709AA2F7E3F01005C806C /* Core */,
				14E7092E2F7D43C4005C806C /* Doc */,
				14E708382F78BE0C005C806C /* App */,
				14E708372F78BE0C005C806C /* Products */,
			);
			sourceTree = "<group>";
		};
		14E708372F78BE0C005C806C /* Products */ = {
			isa = PBXGroup;
			children = (
				14E708362F78BE0C005C806C /* bBpiano.app */,
			);
			name = Products;
			sourceTree = "<group>";
		};
/* End PBXGroup section */

/* Begin PBXNativeTarget section */
		14E708352F78BE0C005C806C /* bBpiano */ = {
			isa = PBXNativeTarget;
			buildConfigurationList = 14E7085C2F78BE0D005C806C /* Build configuration list for PBXNativeTarget "bBpiano" */;
			buildPhases = (
				14E708322F78BE0C005C806C /* Sources */,
				14E708332F78BE0C005C806C /* Frameworks */,
				14E708342F78BE0C005C806C /* Resources */,
				141655472F80105700935D9E /* Embed Frameworks */,
			);
			buildRules = (
			);
			fileSystemSynchronizedGroups = (
				14E708382F78BE0C005C806C /* App */,
				14E709AA2F7E3F01005C806C /* Core */,
				14FD02262FB889F3000D46DC /* AcousticLab */,
				14FD022F2FB88D2E000D46DC /* External */,
			);
			name = bBpiano;
			productName = blueBird;
			productReference = 14E708362F78BE0C005C806C /* bBpiano.app */;
			productType = "com.apple.product-type.application";
		};
/* End PBXNativeTarget section */

/* Begin PBXProject section */
		14E7082E2F78BE0C005C806C /* Project object */ = {
			isa = PBXProject;
			attributes = {
				BuildIndependentTargetsInParallel = 1;
				LastSwiftUpdateCheck = 2620;
				LastUpgradeCheck = 2620;
				TargetAttributes = {
					14E708352F78BE0C005C806C = {
						CreatedOnToolsVersion = 26.2;
						LastSwiftMigration = 2620;
					};
				};
			};
			buildConfigurationList = 14E708312F78BE0C005C806C /* Build configuration list for PBXProject "bBpiano" */;
			developmentRegion = en;
			hasScannedForEncodings = 0;
			knownRegions = (
				en,
				Base,
			);
			mainGroup = 14E7082D2F78BE0C005C806C;
			minimizedProjectReferenceProxies = 1;
			preferredProjectObjectVersion = 90;
			productRefGroup = 14E708372F78BE0C005C806C /* Products */;
			projectDirPath = "";
			projectRoot = "";
			targets = (
				14E708352F78BE0C005C806C /* bBpiano */,
			);
		};
/* End PBXProject section */

/* Begin PBXResourcesBuildPhase section */
		14E708342F78BE0C005C806C /* Resources */ = {
			isa = PBXResourcesBuildPhase;
			files = (
			);
		};
/* End PBXResourcesBuildPhase section */

/* Begin PBXSourcesBuildPhase section */
		14E708322F78BE0C005C806C /* Sources */ = {
			isa = PBXSourcesBuildPhase;
			files = (
			);
		};
/* End PBXSourcesBuildPhase section */

/* Begin XCBuildConfiguration section */
		14E7085A2F78BE0D005C806C /* Debug configuration for PBXProject "bBpiano" */ = {
			isa = XCBuildConfiguration;
			buildSettings = {
				ALWAYS_SEARCH_USER_PATHS = NO;
				ASSETCATALOG_COMPILER_GENERATE_SWIFT_ASSET_SYMBOL_EXTENSIONS = YES;
				CLANG_ANALYZER_NONNULL = YES;
				CLANG_ANALYZER_NUMBER_OBJECT_CONVERSION = YES_AGGRESSIVE;
				CLANG_CXX_LANGUAGE_STANDARD = "gnu++20";
				CLANG_ENABLE_MODULES = YES;
				CLANG_ENABLE_OBJC_ARC = YES;
				CLANG_ENABLE_OBJC_WEAK = YES;
				CLANG_WARN_BLOCK_CAPTURE_AUTORELEASING = YES;
				CLANG_WARN_BOOL_CONVERSION = YES;
				CLANG_WARN_COMMA = YES;
				CLANG_WARN_CONSTANT_CONVERSION = YES;
				CLANG_WARN_DEPRECATED_OBJC_IMPLEMENTATIONS = YES;
				CLANG_WARN_DIRECT_OBJC_ISA_USAGE = YES_ERROR;
				CLANG_WARN_DOCUMENTATION_COMMENTS = YES;
				CLANG_WARN_EMPTY_BODY = YES;
				CLANG_WARN_ENUM_CONVERSION = YES;
				CLANG_WARN_FRAMEWORK_INCLUDE_PRIVATE_FROM_PUBLIC = YES;
				CLANG_WARN_INFINITE_RECURSION = YES;
				CLANG_WARN_INT_CONVERSION = YES;
				CLANG_WARN_NON_LITERAL_NULL_CONVERSION = YES;
				CLANG_WARN_OBJC_IMPLICIT_RETAIN_SELF = YES;
				CLANG_WARN_OBJC_LITERAL_CONVERSION = YES;
				CLANG_WARN_OBJC_ROOT_CLASS = YES_ERROR;
				CLANG_WARN_QUOTED_INCLUDE_IN_FRAMEWORK_HEADER = YES;
				CLANG_WARN_RANGE_LOOP_ANALYSIS = YES;
				CLANG_WARN_STRICT_PROTOTYPES = YES;
				CLANG_WARN_SUSPICIOUS_MOVE = YES;
				CLANG_WARN_UNGUARDED_AVAILABILITY = YES_AGGRESSIVE;
				CLANG_WARN_UNREACHABLE_CODE = YES;
				CLANG_WARN__DUPLICATE_METHOD_MATCH = YES;
				COPY_PHASE_STRIP = NO;
				DEBUG_INFORMATION_FORMAT = dwarf;
				DEVELOPMENT_TEAM = L746W9JTR3;
				ENABLE_STRICT_OBJC_MSGSEND = YES;
				ENABLE_TESTABILITY = YES;
				ENABLE_USER_SCRIPT_SANDBOXING = YES;
				GCC_C_LANGUAGE_STANDARD = gnu17;
				GCC_DYNAMIC_NO_PIC = NO;
				GCC_NO_COMMON_BLOCKS = YES;
				GCC_OPTIMIZATION_LEVEL = 0;
				GCC_PREPROCESSOR_DEFINITIONS = (
					"DEBUG=1",
					"$(inherited)",
				);
				GCC_WARN_64_TO_32_BIT_CONVERSION = YES;
				GCC_WARN_ABOUT_RETURN_TYPE = YES_ERROR;
				GCC_WARN_UNDECLARED_SELECTOR = YES;
				GCC_WARN_UNINITIALIZED_AUTOS = YES_AGGRESSIVE;
				GCC_WARN_UNUSED_FUNCTION = YES;
				GCC_WARN_UNUSED_VARIABLE = YES;
				LOCALIZATION_PREFERS_STRING_CATALOGS = YES;
				MACOSX_DEPLOYMENT_TARGET = 15.7;
				MTL_ENABLE_DEBUG_INFO = INCLUDE_SOURCE;
				MTL_FAST_MATH = YES;
				ONLY_ACTIVE_ARCH = YES;
				SDKROOT = macosx;
				SWIFT_ACTIVE_COMPILATION_CONDITIONS = "DEBUG $(inherited)";
				SWIFT_OBJC_INTEROP_MODE = objcxx;
				SWIFT_OPTIMIZATION_LEVEL = "-Onone";
			};
			name = Debug;
		};
		14E7085B2F78BE0D005C806C /* Release configuration for PBXProject "bBpiano" */ = {
			isa = XCBuildConfiguration;
			buildSettings = {
				ALWAYS_SEARCH_USER_PATHS = NO;
				ASSETCATALOG_COMPILER_GENERATE_SWIFT_ASSET_SYMBOL_EXTENSIONS = YES;
				CLANG_ANALYZER_NONNULL = YES;
				CLANG_ANALYZER_NUMBER_OBJECT_CONVERSION = YES_AGGRESSIVE;
				CLANG_CXX_LANGUAGE_STANDARD = "gnu++20";
				CLANG_ENABLE_MODULES = YES;
				CLANG_ENABLE_OBJC_ARC = YES;
				CLANG_ENABLE_OBJC_WEAK = YES;
				CLANG_WARN_BLOCK_CAPTURE_AUTORELEASING = YES;
				CLANG_WARN_BOOL_CONVERSION = YES;
				CLANG_WARN_COMMA = YES;
				CLANG_WARN_CONSTANT_CONVERSION = YES;
				CLANG_WARN_DEPRECATED_OBJC_IMPLEMENTATIONS = YES;
				CLANG_WARN_DIRECT_OBJC_ISA_USAGE = YES_ERROR;
				CLANG_WARN_DOCUMENTATION_COMMENTS = YES;
				CLANG_WARN_EMPTY_BODY = YES;
				CLANG_WARN_ENUM_CONVERSION = YES;
				CLANG_WARN_FRAMEWORK_INCLUDE_PRIVATE_FROM_PUBLIC = YES;
				CLANG_WARN_INFINITE_RECURSION = YES;
				CLANG_WARN_INT_CONVERSION = YES;
				CLANG_WARN_NON_LITERAL_NULL_CONVERSION = YES;
				CLANG_WARN_OBJC_IMPLICIT_RETAIN_SELF = YES;
				CLANG_WARN_OBJC_LITERAL_CONVERSION = YES;
				CLANG_WARN_OBJC_ROOT_CLASS = YES_ERROR;
				CLANG_WARN_QUOTED_INCLUDE_IN_FRAMEWORK_HEADER = YES;
				CLANG_WARN_RANGE_LOOP_ANALYSIS = YES;
				CLANG_WARN_STRICT_PROTOTYPES = YES;
				CLANG_WARN_SUSPICIOUS_MOVE = YES;
				CLANG_WARN_UNGUARDED_AVAILABILITY = YES_AGGRESSIVE;
				CLANG_WARN_UNREACHABLE_CODE = YES;
				CLANG_WARN__DUPLICATE_METHOD_MATCH = YES;
				COPY_PHASE_STRIP = NO;
				DEBUG_INFORMATION_FORMAT = "dwarf-with-dsym";
				DEVELOPMENT_TEAM = L746W9JTR3;
				ENABLE_NS_ASSERTIONS = NO;
				ENABLE_STRICT_OBJC_MSGSEND = YES;
				ENABLE_USER_SCRIPT_SANDBOXING = YES;
				GCC_C_LANGUAGE_STANDARD = gnu17;
				GCC_NO_COMMON_BLOCKS = YES;
				GCC_WARN_64_TO_32_BIT_CONVERSION = YES;
				GCC_WARN_ABOUT_RETURN_TYPE = YES_ERROR;
				GCC_WARN_UNDECLARED_SELECTOR = YES;
				GCC_WARN_UNINITIALIZED_AUTOS = YES_AGGRESSIVE;
				GCC_WARN_UNUSED_FUNCTION = YES;
				GCC_WARN_UNUSED_VARIABLE = YES;
				LOCALIZATION_PREFERS_STRING_CATALOGS = YES;
				MACOSX_DEPLOYMENT_TARGET = 15.7;
				MTL_ENABLE_DEBUG_INFO = NO;
				MTL_FAST_MATH = YES;
				SDKROOT = macosx;
				SWIFT_COMPILATION_MODE = wholemodule;
				SWIFT_OBJC_INTEROP_MODE = objcxx;
			};
			name = Release;
		};
		14E7085D2F78BE0D005C806C /* Debug configuration for PBXNativeTarget "bBpiano" */ = {
			isa = XCBuildConfiguration;
			buildSettings = {
				ASSETCATALOG_COMPILER_APPICON_NAME = AppIcon;
				ASSETCATALOG_COMPILER_GLOBAL_ACCENT_COLOR_NAME = AccentColor;
				ASSETCATALOG_COMPILER_INCLUDE_ALL_APPICON_ASSETS = YES;
				CLANG_ENABLE_MODULES = YES;
				"CODE_SIGN_IDENTITY[sdk=macosx*]" = "Apple Development";
				CODE_SIGN_STYLE = Automatic;
				COMBINE_HIDPI_IMAGES = YES;
				CURRENT_PROJECT_VERSION = 1;
				DEVELOPMENT_TEAM = L746W9JTR3;
				ENABLE_APP_SANDBOX = NO;
				ENABLE_HARDENED_RUNTIME = YES;
				ENABLE_PREVIEWS = YES;
				GENERATE_INFOPLIST_FILE = YES;
				INFOPLIST_FILE = "bBpiano-Info.plist";
				INFOPLIST_KEY_CFBundleDisplayName = bBpiano;
				INFOPLIST_KEY_LSApplicationCategoryType = "public.app-category.lifestyle";
				INFOPLIST_KEY_NSHumanReadableCopyright = "";
				LD_RUNPATH_SEARCH_PATHS = (
					"$(inherited)",
					"@executable_path/../Frameworks",
				);
				MACOSX_DEPLOYMENT_TARGET = 26.0;
				MARKETING_VERSION = 1.0;
				PRODUCT_BUNDLE_IDENTIFIER = io.opusarc.blueBird;
				PRODUCT_NAME = "$(TARGET_NAME)";
				REGISTER_APP_GROUPS = YES;
				STRING_CATALOG_GENERATE_SYMBOLS = YES;
				SWIFT_APPROACHABLE_CONCURRENCY = YES;
				SWIFT_DEFAULT_ACTOR_ISOLATION = MainActor;
				SWIFT_EMIT_LOC_STRINGS = YES;
				SWIFT_OBJC_BRIDGING_HEADER = "Core/CppCore/bBpiano-Bridging-Header.h";
				SWIFT_OPTIMIZATION_LEVEL = "-Onone";
				SWIFT_UPCOMING_FEATURE_MEMBER_IMPORT_VISIBILITY = YES;
				SWIFT_VERSION = 5.0;
			};
			name = Debug;
		};
		14E7085E2F78BE0D005C806C /* Release configuration for PBXNativeTarget "bBpiano" */ = {
			isa = XCBuildConfiguration;
			buildSettings = {
				ASSETCATALOG_COMPILER_APPICON_NAME = AppIcon;
				ASSETCATALOG_COMPILER_GLOBAL_ACCENT_COLOR_NAME = AccentColor;
				ASSETCATALOG_COMPILER_INCLUDE_ALL_APPICON_ASSETS = YES;
				CLANG_ENABLE_MODULES = YES;
				"CODE_SIGN_IDENTITY[sdk=macosx*]" = "Apple Development";
				CODE_SIGN_STYLE = Automatic;
				COMBINE_HIDPI_IMAGES = YES;
				CURRENT_PROJECT_VERSION = 1;
				DEVELOPMENT_TEAM = L746W9JTR3;
				ENABLE_APP_SANDBOX = NO;
				ENABLE_HARDENED_RUNTIME = YES;
				ENABLE_PREVIEWS = YES;
				GENERATE_INFOPLIST_FILE = YES;
				INFOPLIST_FILE = "bBpiano-Info.plist";
				INFOPLIST_KEY_CFBundleDisplayName = bBpiano;
				INFOPLIST_KEY_LSApplicationCategoryType = "public.app-category.lifestyle";
				INFOPLIST_KEY_NSHumanReadableCopyright = "";
				LD_RUNPATH_SEARCH_PATHS = (
					"$(inherited)",
					"@executable_path/../Frameworks",
				);
				MACOSX_DEPLOYMENT_TARGET = 26.0;
				MARKETING_VERSION = 1.0;
				PRODUCT_BUNDLE_IDENTIFIER = io.opusarc.blueBird;
				PRODUCT_NAME = "$(TARGET_NAME)";
				REGISTER_APP_GROUPS = YES;
				STRING_CATALOG_GENERATE_SYMBOLS = YES;
				SWIFT_APPROACHABLE_CONCURRENCY = YES;
				SWIFT_DEFAULT_ACTOR_ISOLATION = MainActor;
				SWIFT_EMIT_LOC_STRINGS = YES;
				SWIFT_OBJC_BRIDGING_HEADER = "Core/CppCore/bBpiano-Bridging-Header.h";
				SWIFT_UPCOMING_FEATURE_MEMBER_IMPORT_VISIBILITY = YES;
				SWIFT_VERSION = 5.0;
			};
			name = Release;
		};
/* End XCBuildConfiguration section */

/* Begin XCConfigurationList section */
		14E708312F78BE0C005C806C /* Build configuration list for PBXProject "bBpiano" */ = {
			isa = XCConfigurationList;
			buildConfigurations = (
				14E7085A2F78BE0D005C806C /* Debug configuration for PBXProject "bBpiano" */,
				14E7085B2F78BE0D005C806C /* Release configuration for PBXProject "bBpiano" */,
			);
			defaultConfigurationName = Release;
		};
		14E7085C2F78BE0D005C806C /* Build configuration list for PBXNativeTarget "bBpiano" */ = {
			isa = XCConfigurationList;
			buildConfigurations = (
				14E7085D2F78BE0D005C806C /* Debug configuration for PBXNativeTarget "bBpiano" */,
				14E7085E2F78BE0D005C806C /* Release configuration for PBXNativeTarget "bBpiano" */,
			);
			defaultConfigurationName = Release;
		};
/* End XCConfigurationList section */
	};
	rootObject = 14E7082E2F78BE0C005C806C /* Project object */;
}
