{
  "originHash" : "f6574bc137e785fb319fcf207eb8b8d80e495d9d4fc490ce8a7121f449c78df3",
  "pins" : [
    {
      "identity" : "inject",
      "kind" : "remoteSourceControl",
      "location" : "https://github.com/krzysztofzablocki/Inject",
      "state" : {
        "revision" : "f53380e986a8b056e37d7ce9ca68de610b8415ef",
        "version" : "1.6.0"
      }
    }
  ],
  "version" : 3
}
